{
  "version": 4,
  "terraform_version": "0.14.11",
  "serial": 77,
  "lineage": "fe725a39-cfa2-7744-8466-33fa56e8051e",
  "outputs": {},
  "resources": [
    {
      "mode": "managed",
      "type": "aws_autoscaling_group",
      "name": "aws_asg_7",
      "provider": "provider[\"registry.terraform.io/hashicorp/aws\"].us-east-2",
      "instances": [
        {
          "schema_version": 0,
          "attributes": {
            "arn": "arn:aws:autoscaling:us-east-2:366187108546:autoScalingGroup:6cc04cb8-6abb-483d-a035-85fbb4c1c017:autoScalingGroupName/terraform-20220409132713147700000007",
            "availability_zones": [
              "us-east-2b",
              "us-east-2c"
            ],
            "capacity_rebalance": false,
            "default_cooldown": 300,
            "desired_capacity": 1,
            "enabled_metrics": null,
            "force_delete": false,
            "force_delete_warm_pool": false,
            "health_check_grace_period": 300,
            "health_check_type": "EC2",
            "id": "terraform-20220409132713147700000007",
            "initial_lifecycle_hook": [],
            "instance_refresh": [],
            "launch_configuration": "",
            "launch_template": [
              {
                "id": "lt-0cf5db55535cc0fb1",
                "name": "terraform-20220409132712570600000005",
                "version": ""
              }
            ],
            "load_balancers": null,
            "max_instance_lifetime": 0,
            "max_size": 1,
            "metrics_granularity": "1Minute",
            "min_elb_capacity": null,
            "min_size": 1,
            "mixed_instances_policy": [],
            "name": "terraform-20220409132713147700000007",
            "name_prefix": "terraform-",
            "placement_group": "",
            "protect_from_scale_in": false,
            "service_linked_role_arn": "arn:aws:iam::366187108546:role/aws-service-role/autoscaling.amazonaws.com/AWSServiceRoleForAutoScaling",
            "suspended_processes": null,
            "tag": [],
            "tags": null,
            "target_group_arns": [
              "arn:aws:elasticloadbalancing:us-east-2:366187108546:targetgroup/tf-20220409132710531200000001/1c2519bb59656d93"
            ],
            "termination_policies": null,
            "timeouts": null,
            "vpc_zone_identifier": [],
            "wait_for_capacity_timeout": "10m",
            "wait_for_elb_capacity": null,
            "warm_pool": []
          },
          "sensitive_attributes": [],
          "private": "eyJlMmJmYjczMC1lY2FhLTExZTYtOGY4OC0zNDM2M2JjN2M0YzAiOnsiZGVsZXRlIjo2MDAwMDAwMDAwMDB9fQ==",
          "dependencies": [
            "aws_default_vpc.aws_default_vpc_3",
            "aws_launch_template.aws_launch_template_8",
            "aws_lb_target_group.aws_lb_target_group_12",
            "aws_security_group.aws_security_group_ec2-de08daee"
          ]
        }
      ]
    },
    {
      "mode": "managed",
      "type": "aws_autoscaling_policy",
      "name": "aws_autoscaling_policy-5bda9802",
      "provider": "provider[\"registry.terraform.io/hashicorp/aws\"].us-east-2",
      "instances": [
        {
          "schema_version": 0,
          "attributes": {
            "adjustment_type": "ChangeInCapacity",
            "arn": "arn:aws:autoscaling:us-east-2:366187108546:scalingPolicy:ad9caeaf-cced-4ed7-8bf0-155984ee6a3e:autoScalingGroupName/terraform-20220409132713147700000007:policyName/scale_in",
            "autoscaling_group_name": "terraform-20220409132713147700000007",
            "cooldown": 0,
            "estimated_instance_warmup": 0,
            "id": "scale_in",
            "metric_aggregation_type": "",
            "min_adjustment_magnitude": null,
            "name": "scale_in",
            "policy_type": "SimpleScaling",
            "predictive_scaling_configuration": [],
            "scaling_adjustment": -1,
            "step_adjustment": [],
            "target_tracking_configuration": []
          },
          "sensitive_attributes": [],
          "private": "bnVsbA==",
          "dependencies": [
            "aws_autoscaling_group.aws_asg_7",
            "aws_default_vpc.aws_default_vpc_3",
            "aws_launch_template.aws_launch_template_8",
            "aws_lb_target_group.aws_lb_target_group_12",
            "aws_security_group.aws_security_group_ec2-de08daee"
          ]
        }
      ]
    },
    {
      "mode": "managed",
      "type": "aws_autoscaling_policy",
      "name": "aws_autoscaling_policy_14",
      "provider": "provider[\"registry.terraform.io/hashicorp/aws\"].us-east-2",
      "instances": [
        {
          "schema_version": 0,
          "attributes": {
            "adjustment_type": "ChangeInCapacity",
            "arn": "arn:aws:autoscaling:us-east-2:366187108546:scalingPolicy:8f01b786-2a42-4eea-b07d-6459d9ef8a6c:autoScalingGroupName/terraform-20220409132713147700000007:policyName/scale_out",
            "autoscaling_group_name": "terraform-20220409132713147700000007",
            "cooldown": 0,
            "estimated_instance_warmup": 0,
            "id": "scale_out",
            "metric_aggregation_type": "",
            "min_adjustment_magnitude": null,
            "name": "scale_out",
            "policy_type": "SimpleScaling",
            "predictive_scaling_configuration": [],
            "scaling_adjustment": 1,
            "step_adjustment": [],
            "target_tracking_configuration": []
          },
          "sensitive_attributes": [],
          "private": "bnVsbA==",
          "dependencies": [
            "aws_autoscaling_group.aws_asg_7",
            "aws_default_vpc.aws_default_vpc_3",
            "aws_launch_template.aws_launch_template_8",
            "aws_lb_target_group.aws_lb_target_group_12",
            "aws_security_group.aws_security_group_ec2-de08daee"
          ]
        }
      ]
    },
    {
      "mode": "managed",
      "type": "aws_cloudwatch_metric_alarm",
      "name": "aws_cloudwatch_metric_alarm-3e05cb0c",
      "provider": "provider[\"registry.terraform.io/hashicorp/aws\"].us-east-2",
      "instances": [
        {
          "schema_version": 1,
          "attributes": {
            "actions_enabled": true,
            "alarm_actions": [
              "arn:aws:autoscaling:us-east-2:366187108546:scalingPolicy:ad9caeaf-cced-4ed7-8bf0-155984ee6a3e:autoScalingGroupName/terraform-20220409132713147700000007:policyName/scale_in"
            ],
            "alarm_description": "",
            "alarm_name": "cpu_below_60",
            "arn": "arn:aws:cloudwatch:us-east-2:366187108546:alarm:cpu_below_60",
            "comparison_operator": "LessThanThreshold",
            "datapoints_to_alarm": 0,
            "dimensions": {
              "AutoScalingGroupName": "terraform-20220409132713147700000007"
            },
            "evaluate_low_sample_count_percentiles": "",
            "evaluation_periods": 2,
            "extended_statistic": "",
            "id": "cpu_below_60",
            "insufficient_data_actions": null,
            "metric_name": "CPUUtilization",
            "metric_query": [],
            "namespace": "AWS/EC2",
            "ok_actions": null,
            "period": 600,
            "statistic": "Average",
            "tags": {
              "archUUID": "e5855611-71aa-4cbc-ad37-fb22e1764c39",
              "env": "Production"
            },
            "tags_all": {
              "archUUID": "e5855611-71aa-4cbc-ad37-fb22e1764c39",
              "env": "Production"
            },
            "threshold": 60,
            "threshold_metric_id": "",
            "treat_missing_data": "missing",
            "unit": ""
          },
          "sensitive_attributes": [],
          "private": "eyJzY2hlbWFfdmVyc2lvbiI6IjEifQ==",
          "dependencies": [
            "aws_autoscaling_group.aws_asg_7",
            "aws_autoscaling_policy.aws_autoscaling_policy-5bda9802",
            "aws_default_vpc.aws_default_vpc_3",
            "aws_launch_template.aws_launch_template_8",
            "aws_lb_target_group.aws_lb_target_group_12",
            "aws_security_group.aws_security_group_ec2-de08daee"
          ]
        }
      ]
    },
    {
      "mode": "managed",
      "type": "aws_cloudwatch_metric_alarm",
      "name": "aws_cloudwatch_metric_alarm_15",
      "provider": "provider[\"registry.terraform.io/hashicorp/aws\"].us-east-2",
      "instances": [
        {
          "schema_version": 1,
          "attributes": {
            "actions_enabled": true,
            "alarm_actions": [
              "arn:aws:autoscaling:us-east-2:366187108546:scalingPolicy:8f01b786-2a42-4eea-b07d-6459d9ef8a6c:autoScalingGroupName/terraform-20220409132713147700000007:policyName/scale_out"
            ],
            "alarm_description": "",
            "alarm_name": "cpu_above_90",
            "arn": "arn:aws:cloudwatch:us-east-2:366187108546:alarm:cpu_above_90",
            "comparison_operator": "GreaterThanOrEqualToThreshold",
            "datapoints_to_alarm": 0,
            "dimensions": {
              "AutoScalingGroupName": "terraform-20220409132713147700000007"
            },
            "evaluate_low_sample_count_percentiles": "",
            "evaluation_periods": 2,
            "extended_statistic": "",
            "id": "cpu_above_90",
            "insufficient_data_actions": null,
            "metric_name": "CPUUtilization",
            "metric_query": [],
            "namespace": "AWS/EC2",
            "ok_actions": null,
            "period": 600,
            "statistic": "Average",
            "tags": {
              "archUUID": "e5855611-71aa-4cbc-ad37-fb22e1764c39",
              "env": "Production"
            },
            "tags_all": {
              "archUUID": "e5855611-71aa-4cbc-ad37-fb22e1764c39",
              "env": "Production"
            },
            "threshold": 90,
            "threshold_metric_id": "",
            "treat_missing_data": "missing",
            "unit": ""
          },
          "sensitive_attributes": [],
          "private": "eyJzY2hlbWFfdmVyc2lvbiI6IjEifQ==",
          "dependencies": [
            "aws_autoscaling_group.aws_asg_7",
            "aws_autoscaling_policy.aws_autoscaling_policy_14",
            "aws_default_vpc.aws_default_vpc_3",
            "aws_launch_template.aws_launch_template_8",
            "aws_lb_target_group.aws_lb_target_group_12",
            "aws_security_group.aws_security_group_ec2-de08daee"
          ]
        }
      ]
    },
    {
      "mode": "managed",
      "type": "aws_default_subnet",
      "name": "aws_default_subnet_5",
      "provider": "provider[\"registry.terraform.io/hashicorp/aws\"].us-east-2",
      "instances": [
        {
          "schema_version": 1,
          "attributes": {
            "arn": "arn:aws:ec2:us-east-2:366187108546:subnet/subnet-5789672a",
            "assign_ipv6_address_on_creation": false,
            "availability_zone": "us-east-2b",
            "availability_zone_id": "use2-az2",
            "cidr_block": "172.31.16.0/20",
            "customer_owned_ipv4_pool": "",
            "enable_dns64": false,
            "enable_resource_name_dns_a_record_on_launch": false,
            "enable_resource_name_dns_aaaa_record_on_launch": false,
            "existing_default_subnet": true,
            "force_destroy": false,
            "id": "subnet-5789672a",
            "ipv6_cidr_block": "",
            "ipv6_cidr_block_association_id": "",
            "ipv6_native": false,
            "map_customer_owned_ip_on_launch": false,
            "map_public_ip_on_launch": true,
            "outpost_arn": "",
            "owner_id": "366187108546",
            "private_dns_hostname_type_on_launch": "ip-name",
            "tags": {
              "archUUID": "e5855611-71aa-4cbc-ad37-fb22e1764c39",
              "env": "Production"
            },
            "tags_all": {
              "archUUID": "e5855611-71aa-4cbc-ad37-fb22e1764c39",
              "env": "Production"
            },
            "timeouts": null,
            "vpc_id": "vpc-c677fead"
          },
          "sensitive_attributes": [],
          "private": "eyJlMmJmYjczMC1lY2FhLTExZTYtOGY4OC0zNDM2M2JjN2M0YzAiOnsiY3JlYXRlIjo2MDAwMDAwMDAwMDAsImRlbGV0ZSI6MTIwMDAwMDAwMDAwMH0sInNjaGVtYV92ZXJzaW9uIjoiMSJ9"
        }
      ]
    },
    {
      "mode": "managed",
      "type": "aws_default_subnet",
      "name": "aws_default_subnet_6",
      "provider": "provider[\"registry.terraform.io/hashicorp/aws\"].us-east-2",
      "instances": [
        {
          "schema_version": 1,
          "attributes": {
            "arn": "arn:aws:ec2:us-east-2:366187108546:subnet/subnet-5c9ec810",
            "assign_ipv6_address_on_creation": false,
            "availability_zone": "us-east-2c",
            "availability_zone_id": "use2-az3",
            "cidr_block": "172.31.32.0/20",
            "customer_owned_ipv4_pool": "",
            "enable_dns64": false,
            "enable_resource_name_dns_a_record_on_launch": false,
            "enable_resource_name_dns_aaaa_record_on_launch": false,
            "existing_default_subnet": true,
            "force_destroy": false,
            "id": "subnet-5c9ec810",
            "ipv6_cidr_block": "",
            "ipv6_cidr_block_association_id": "",
            "ipv6_native": false,
            "map_customer_owned_ip_on_launch": false,
            "map_public_ip_on_launch": true,
            "outpost_arn": "",
            "owner_id": "366187108546",
            "private_dns_hostname_type_on_launch": "ip-name",
            "tags": {
              "archUUID": "e5855611-71aa-4cbc-ad37-fb22e1764c39",
              "env": "Production"
            },
            "tags_all": {
              "archUUID": "e5855611-71aa-4cbc-ad37-fb22e1764c39",
              "env": "Production"
            },
            "timeouts": null,
            "vpc_id": "vpc-c677fead"
          },
          "sensitive_attributes": [],
          "private": "eyJlMmJmYjczMC1lY2FhLTExZTYtOGY4OC0zNDM2M2JjN2M0YzAiOnsiY3JlYXRlIjo2MDAwMDAwMDAwMDAsImRlbGV0ZSI6MTIwMDAwMDAwMDAwMH0sInNjaGVtYV92ZXJzaW9uIjoiMSJ9"
        }
      ]
    },
    {
      "mode": "managed",
      "type": "aws_default_vpc",
      "name": "aws_default_vpc_3",
      "provider": "provider[\"registry.terraform.io/hashicorp/aws\"].us-east-2",
      "instances": [
        {
          "schema_version": 1,
          "attributes": {
            "arn": "arn:aws:ec2:us-east-2:366187108546:vpc/vpc-c677fead",
            "assign_generated_ipv6_cidr_block": false,
            "cidr_block": "172.31.0.0/16",
            "default_network_acl_id": "acl-842255ef",
            "default_route_table_id": "rtb-992879f2",
            "default_security_group_id": "sg-578bdd22",
            "dhcp_options_id": "dopt-6046240b",
            "enable_classiclink": false,
            "enable_classiclink_dns_support": false,
            "enable_dns_hostnames": true,
            "enable_dns_support": true,
            "existing_default_vpc": true,
            "force_destroy": false,
            "id": "vpc-c677fead",
            "instance_tenancy": "default",
            "ipv6_association_id": "",
            "ipv6_cidr_block": "",
            "ipv6_cidr_block_network_border_group": "",
            "ipv6_ipam_pool_id": "",
            "ipv6_netmask_length": 0,
            "main_route_table_id": "rtb-992879f2",
            "owner_id": "366187108546",
            "tags": {
              "archUUID": "e5855611-71aa-4cbc-ad37-fb22e1764c39",
              "env": "Production"
            },
            "tags_all": {
              "archUUID": "e5855611-71aa-4cbc-ad37-fb22e1764c39",
              "env": "Production"
            }
          },
          "sensitive_attributes": [],
          "private": "eyJzY2hlbWFfdmVyc2lvbiI6IjEifQ=="
        }
      ]
    },
    {
      "mode": "managed",
      "type": "aws_launch_template",
      "name": "aws_launch_template_8",
      "provider": "provider[\"registry.terraform.io/hashicorp/aws\"].us-east-2",
      "instances": [
        {
          "schema_version": 0,
          "attributes": {
            "arn": "arn:aws:ec2:us-east-2:366187108546:launch-template/lt-0cf5db55535cc0fb1",
            "block_device_mappings": [],
            "capacity_reservation_specification": [],
            "cpu_options": [],
            "credit_specification": [],
            "default_version": 1,
            "description": "",
            "disable_api_termination": false,
            "ebs_optimized": "",
            "elastic_gpu_specifications": [],
            "elastic_inference_accelerator": [],
            "enclave_options": [],
            "hibernation_options": [],
            "iam_instance_profile": [],
            "id": "lt-0cf5db55535cc0fb1",
            "image_id": "ami-064ff912f78e3e561",
            "instance_initiated_shutdown_behavior": "",
            "instance_market_options": [],
            "instance_type": "t2.medium",
            "kernel_id": "",
            "key_name": "",
            "latest_version": 1,
            "license_specification": [],
            "metadata_options": [],
            "monitoring": [],
            "name": "terraform-20220409132712570600000005",
            "name_prefix": "terraform-",
            "network_interfaces": [],
            "placement": [],
            "private_dns_name_options": [],
            "ram_disk_id": "",
            "security_group_names": [
              "terraform-20220409132710531900000002"
            ],
            "tag_specifications": [],
            "tags": {
              "archUUID": "e5855611-71aa-4cbc-ad37-fb22e1764c39",
              "env": "Production"
            },
            "tags_all": {
              "archUUID": "e5855611-71aa-4cbc-ad37-fb22e1764c39",
              "env": "Production"
            },
            "update_default_version": null,
            "user_data": "IyEvYmluL2Jhc2gKc3VkbyB5dW0gaW5zdGFsbCBodHRwZCAteQpzdWRvIHN5c3RlbWN0bCBlbmFibGUgaHR0cGQKc3VkbyBzeXN0ZW1jdGwgc3RhcnQgaHR0cGQKc3VkbyBlY2hvICJ0aGlzIGlzIG15IHdlYnNpdGUgMSIgPj4gL3Zhci93d3cvaHRtbC9pbmRleC5odG1s",
            "vpc_security_group_ids": null
          },
          "sensitive_attributes": [],
          "private": "bnVsbA==",
          "dependencies": [
            "aws_default_vpc.aws_default_vpc_3",
            "aws_security_group.aws_security_group_ec2-de08daee"
          ]
        }
      ]
    },
    {
      "mode": "managed",
      "type": "aws_lb",
      "name": "alb_9",
      "provider": "provider[\"registry.terraform.io/hashicorp/aws\"].us-east-2",
      "instances": [
        {
          "schema_version": 0,
          "attributes": {
            "access_logs": [
              {
                "bucket": "",
                "enabled": false,
                "prefix": ""
              }
            ],
            "arn": "arn:aws:elasticloadbalancing:us-east-2:366187108546:loadbalancer/app/tf-lb-20220409131703948400000001/5cc809d64d916701",
            "arn_suffix": "app/tf-lb-20220409131703948400000001/5cc809d64d916701",
            "customer_owned_ipv4_pool": "",
            "desync_mitigation_mode": "defensive",
            "dns_name": "tf-lb-20220409131703948400000001-1681618853.us-east-2.elb.amazonaws.com",
            "drop_invalid_header_fields": false,
            "enable_cross_zone_load_balancing": null,
            "enable_deletion_protection": false,
            "enable_http2": true,
            "enable_waf_fail_open": false,
            "id": "arn:aws:elasticloadbalancing:us-east-2:366187108546:loadbalancer/app/tf-lb-20220409131703948400000001/5cc809d64d916701",
            "idle_timeout": 60,
            "internal": false,
            "ip_address_type": "ipv4",
            "load_balancer_type": "application",
            "name": "tf-lb-20220409131703948400000001",
            "name_prefix": null,
            "security_groups": [
              "sg-02d079f31eaf89600"
            ],
            "subnet_mapping": [
              {
                "allocation_id": "",
                "ipv6_address": "",
                "outpost_id": "",
                "private_ipv4_address": "",
                "subnet_id": "subnet-5789672a"
              },
              {
                "allocation_id": "",
                "ipv6_address": "",
                "outpost_id": "",
                "private_ipv4_address": "",
                "subnet_id": "subnet-5c9ec810"
              }
            ],
            "subnets": [
              "subnet-5789672a",
              "subnet-5c9ec810"
            ],
            "tags": {
              "archUUID": "e5855611-71aa-4cbc-ad37-fb22e1764c39",
              "env": "Production"
            },
            "tags_all": {
              "archUUID": "e5855611-71aa-4cbc-ad37-fb22e1764c39",
              "env": "Production"
            },
            "timeouts": null,
            "vpc_id": "vpc-c677fead",
            "zone_id": "Z3AADJGX6KTTL2"
          },
          "sensitive_attributes": [],
          "private": "eyJlMmJmYjczMC1lY2FhLTExZTYtOGY4OC0zNDM2M2JjN2M0YzAiOnsiY3JlYXRlIjo2MDAwMDAwMDAwMDAsImRlbGV0ZSI6NjAwMDAwMDAwMDAwLCJ1cGRhdGUiOjYwMDAwMDAwMDAwMH19",
          "dependencies": [
            "aws_default_subnet.aws_default_subnet_5",
            "aws_default_subnet.aws_default_subnet_6",
            "aws_default_vpc.aws_default_vpc_3",
            "aws_security_group.aws_security_group_alb_10"
          ]
        }
      ]
    },
    {
      "mode": "managed",
      "type": "aws_lb_listener",
      "name": "aws_lb_listener-14eb1e91",
      "provider": "provider[\"registry.terraform.io/hashicorp/aws\"].us-east-2",
      "instances": [
        {
          "schema_version": 0,
          "attributes": {
            "alpn_policy": null,
            "arn": "arn:aws:elasticloadbalancing:us-east-2:366187108546:listener/app/tf-lb-20220409131703948400000001/5cc809d64d916701/2ed9acbc640e1f84",
            "certificate_arn": "arn:aws:acm:us-east-2:366187108546:certificate/d2c0f434-ce30-4932-a59b-993d8d2848df",
            "default_action": [
              {
                "authenticate_cognito": [],
                "authenticate_oidc": [],
                "fixed_response": [],
                "forward": [],
                "order": 1,
                "redirect": [],
                "target_group_arn": "arn:aws:elasticloadbalancing:us-east-2:366187108546:targetgroup/tf-20220409132710531200000001/1c2519bb59656d93",
                "type": "forward"
              }
            ],
            "id": "arn:aws:elasticloadbalancing:us-east-2:366187108546:listener/app/tf-lb-20220409131703948400000001/5cc809d64d916701/2ed9acbc640e1f84",
            "load_balancer_arn": "arn:aws:elasticloadbalancing:us-east-2:366187108546:loadbalancer/app/tf-lb-20220409131703948400000001/5cc809d64d916701",
            "port": 443,
            "protocol": "HTTPS",
            "ssl_policy": "ELBSecurityPolicy-2016-08",
            "tags": {
              "archUUID": "e5855611-71aa-4cbc-ad37-fb22e1764c39",
              "env": "Production"
            },
            "tags_all": {
              "archUUID": "e5855611-71aa-4cbc-ad37-fb22e1764c39",
              "env": "Production"
            },
            "timeouts": null
          },
          "sensitive_attributes": [],
          "private": "eyJlMmJmYjczMC1lY2FhLTExZTYtOGY4OC0zNDM2M2JjN2M0YzAiOnsicmVhZCI6NjAwMDAwMDAwMDAwfX0=",
          "dependencies": [
            "aws_default_subnet.aws_default_subnet_5",
            "aws_default_subnet.aws_default_subnet_6",
            "aws_default_vpc.aws_default_vpc_3",
            "aws_lb.alb_9",
            "aws_lb_target_group.aws_lb_target_group_12",
            "aws_security_group.aws_security_group_alb_10"
          ]
        }
      ]
    },
    {
      "mode": "managed",
      "type": "aws_lb_listener",
      "name": "aws_lb_listener_80_13",
      "provider": "provider[\"registry.terraform.io/hashicorp/aws\"].us-east-2",
      "instances": [
        {
          "schema_version": 0,
          "attributes": {
            "alpn_policy": null,
            "arn": "arn:aws:elasticloadbalancing:us-east-2:366187108546:listener/app/tf-lb-20220409131703948400000001/5cc809d64d916701/81ff3e10e1c4f280",
            "certificate_arn": null,
            "default_action": [
              {
                "authenticate_cognito": [],
                "authenticate_oidc": [],
                "fixed_response": [],
                "forward": [],
                "order": 1,
                "redirect": [],
                "target_group_arn": "arn:aws:elasticloadbalancing:us-east-2:366187108546:targetgroup/tf-20220409132710531200000001/1c2519bb59656d93",
                "type": "forward"
              }
            ],
            "id": "arn:aws:elasticloadbalancing:us-east-2:366187108546:listener/app/tf-lb-20220409131703948400000001/5cc809d64d916701/81ff3e10e1c4f280",
            "load_balancer_arn": "arn:aws:elasticloadbalancing:us-east-2:366187108546:loadbalancer/app/tf-lb-20220409131703948400000001/5cc809d64d916701",
            "port": 80,
            "protocol": "HTTP",
            "ssl_policy": "",
            "tags": {
              "archUUID": "e5855611-71aa-4cbc-ad37-fb22e1764c39",
              "env": "Production"
            },
            "tags_all": {
              "archUUID": "e5855611-71aa-4cbc-ad37-fb22e1764c39",
              "env": "Production"
            },
            "timeouts": null
          },
          "sensitive_attributes": [],
          "private": "eyJlMmJmYjczMC1lY2FhLTExZTYtOGY4OC0zNDM2M2JjN2M0YzAiOnsicmVhZCI6NjAwMDAwMDAwMDAwfX0=",
          "dependencies": [
            "aws_default_subnet.aws_default_subnet_5",
            "aws_default_subnet.aws_default_subnet_6",
            "aws_default_vpc.aws_default_vpc_3",
            "aws_lb.alb_9",
            "aws_lb_target_group.aws_lb_target_group_12",
            "aws_security_group.aws_security_group_alb_10"
          ]
        }
      ]
    },
    {
      "mode": "managed",
      "type": "aws_lb_target_group",
      "name": "aws_lb_target_group_12",
      "provider": "provider[\"registry.terraform.io/hashicorp/aws\"].us-east-2",
      "instances": [
        {
          "schema_version": 0,
          "attributes": {
            "arn": "arn:aws:elasticloadbalancing:us-east-2:366187108546:targetgroup/tf-20220409132710531200000001/1c2519bb59656d93",
            "arn_suffix": "targetgroup/tf-20220409132710531200000001/1c2519bb59656d93",
            "connection_termination": false,
            "deregistration_delay": "300",
            "health_check": [
              {
                "enabled": true,
                "healthy_threshold": 5,
                "interval": 30,
                "matcher": "200",
                "path": "/",
                "port": "traffic-port",
                "protocol": "HTTP",
                "timeout": 5,
                "unhealthy_threshold": 2
              }
            ],
            "id": "arn:aws:elasticloadbalancing:us-east-2:366187108546:targetgroup/tf-20220409132710531200000001/1c2519bb59656d93",
            "lambda_multi_value_headers_enabled": false,
            "load_balancing_algorithm_type": "round_robin",
            "name": "tf-20220409132710531200000001",
            "name_prefix": null,
            "port": 80,
            "preserve_client_ip": null,
            "protocol": "HTTP",
            "protocol_version": "HTTP1",
            "proxy_protocol_v2": false,
            "slow_start": 0,
            "stickiness": [
              {
                "cookie_duration": 86400,
                "cookie_name": "",
                "enabled": false,
                "type": "lb_cookie"
              }
            ],
            "tags": {
              "archUUID": "e5855611-71aa-4cbc-ad37-fb22e1764c39",
              "env": "Production"
            },
            "tags_all": {
              "archUUID": "e5855611-71aa-4cbc-ad37-fb22e1764c39",
              "env": "Production"
            },
            "target_type": "instance",
            "vpc_id": "vpc-c677fead"
          },
          "sensitive_attributes": [],
          "private": "bnVsbA==",
          "dependencies": [
            "aws_default_vpc.aws_default_vpc_3"
          ]
        }
      ]
    },
    {
      "mode": "managed",
      "type": "aws_security_group",
      "name": "aws_security_group_alb_10",
      "provider": "provider[\"registry.terraform.io/hashicorp/aws\"].us-east-2",
      "instances": [
        {
          "schema_version": 1,
          "attributes": {
            "arn": "arn:aws:ec2:us-east-2:366187108546:security-group/sg-02d079f31eaf89600",
            "description": "Managed by Terraform",
            "egress": [],
            "id": "sg-02d079f31eaf89600",
            "ingress": [],
            "name": "terraform-20220409132710532300000003",
            "name_prefix": "terraform-",
            "owner_id": "366187108546",
            "revoke_rules_on_delete": false,
            "tags": {
              "archUUID": "e5855611-71aa-4cbc-ad37-fb22e1764c39",
              "env": "Production"
            },
            "tags_all": {
              "archUUID": "e5855611-71aa-4cbc-ad37-fb22e1764c39",
              "env": "Production"
            },
            "timeouts": null,
            "vpc_id": "vpc-c677fead"
          },
          "sensitive_attributes": [],
          "private": "eyJlMmJmYjczMC1lY2FhLTExZTYtOGY4OC0zNDM2M2JjN2M0YzAiOnsiY3JlYXRlIjo2MDAwMDAwMDAwMDAsImRlbGV0ZSI6OTAwMDAwMDAwMDAwfSwic2NoZW1hX3ZlcnNpb24iOiIxIn0=",
          "dependencies": [
            "aws_default_vpc.aws_default_vpc_3"
          ]
        }
      ]
    },
    {
      "mode": "managed",
      "type": "aws_security_group",
      "name": "aws_security_group_db-fcaa5a30",
      "provider": "provider[\"registry.terraform.io/hashicorp/aws\"].us-east-2",
      "instances": [
        {
          "schema_version": 1,
          "attributes": {
            "arn": "arn:aws:ec2:us-east-2:366187108546:security-group/sg-044ba9a09114d94a8",
            "description": "Managed by Terraform",
            "egress": [],
            "id": "sg-044ba9a09114d94a8",
            "ingress": [],
            "name": "terraform-20220409132710534000000004",
            "name_prefix": "terraform-",
            "owner_id": "366187108546",
            "revoke_rules_on_delete": false,
            "tags": {
              "archUUID": "e5855611-71aa-4cbc-ad37-fb22e1764c39",
              "env": "Production"
            },
            "tags_all": {
              "archUUID": "e5855611-71aa-4cbc-ad37-fb22e1764c39",
              "env": "Production"
            },
            "timeouts": null,
            "vpc_id": "vpc-c677fead"
          },
          "sensitive_attributes": [],
          "private": "eyJlMmJmYjczMC1lY2FhLTExZTYtOGY4OC0zNDM2M2JjN2M0YzAiOnsiY3JlYXRlIjo2MDAwMDAwMDAwMDAsImRlbGV0ZSI6OTAwMDAwMDAwMDAwfSwic2NoZW1hX3ZlcnNpb24iOiIxIn0=",
          "dependencies": [
            "aws_default_vpc.aws_default_vpc_3"
          ]
        }
      ]
    },
    {
      "mode": "managed",
      "type": "aws_security_group",
      "name": "aws_security_group_ec2-de08daee",
      "provider": "provider[\"registry.terraform.io/hashicorp/aws\"].us-east-2",
      "instances": [
        {
          "schema_version": 1,
          "attributes": {
            "arn": "arn:aws:ec2:us-east-2:366187108546:security-group/sg-043aa27bcd6e33ff5",
            "description": "Managed by Terraform",
            "egress": [],
            "id": "sg-043aa27bcd6e33ff5",
            "ingress": [],
            "name": "terraform-20220409132710531900000002",
            "name_prefix": "terraform-",
            "owner_id": "366187108546",
            "revoke_rules_on_delete": false,
            "tags": {
              "archUUID": "e5855611-71aa-4cbc-ad37-fb22e1764c39",
              "env": "Production"
            },
            "tags_all": {
              "archUUID": "e5855611-71aa-4cbc-ad37-fb22e1764c39",
              "env": "Production"
            },
            "timeouts": null,
            "vpc_id": "vpc-c677fead"
          },
          "sensitive_attributes": [],
          "private": "eyJlMmJmYjczMC1lY2FhLTExZTYtOGY4OC0zNDM2M2JjN2M0YzAiOnsiY3JlYXRlIjo2MDAwMDAwMDAwMDAsImRlbGV0ZSI6OTAwMDAwMDAwMDAwfSwic2NoZW1hX3ZlcnNpb24iOiIxIn0=",
          "dependencies": [
            "aws_default_vpc.aws_default_vpc_3"
          ]
        }
      ]
    },
    {
      "mode": "managed",
      "type": "aws_security_group_rule",
      "name": "aws_security_group_rule-675b13ef",
      "provider": "provider[\"registry.terraform.io/hashicorp/aws\"].us-east-2",
      "instances": [
        {
          "schema_version": 2,
          "attributes": {
            "cidr_blocks": [
              "0.0.0.0/0"
            ],
            "description": null,
            "from_port": 443,
            "id": "sgrule-2733670853",
            "ipv6_cidr_blocks": null,
            "prefix_list_ids": null,
            "protocol": "tcp",
            "security_group_id": "sg-044ba9a09114d94a8",
            "self": false,
            "source_security_group_id": null,
            "to_port": 443,
            "type": "ingress"
          },
          "sensitive_attributes": [],
          "private": "eyJzY2hlbWFfdmVyc2lvbiI6IjIifQ==",
          "dependencies": [
            "aws_default_vpc.aws_default_vpc_3",
            "aws_security_group.aws_security_group_db-fcaa5a30"
          ]
        }
      ]
    },
    {
      "mode": "managed",
      "type": "aws_security_group_rule",
      "name": "aws_security_group_rule-aea0f141",
      "provider": "provider[\"registry.terraform.io/hashicorp/aws\"].us-east-2",
      "instances": [
        {
          "schema_version": 2,
          "attributes": {
            "cidr_blocks": [
              "0.0.0.0/0"
            ],
            "description": null,
            "from_port": -1,
            "id": "sgrule-3264140401",
            "ipv6_cidr_blocks": null,
            "prefix_list_ids": null,
            "protocol": "0",
            "security_group_id": "sg-044ba9a09114d94a8",
            "self": false,
            "source_security_group_id": null,
            "to_port": -1,
            "type": "egress"
          },
          "sensitive_attributes": [],
          "private": "eyJzY2hlbWFfdmVyc2lvbiI6IjIifQ==",
          "dependencies": [
            "aws_default_vpc.aws_default_vpc_3",
            "aws_security_group.aws_security_group_db-fcaa5a30"
          ]
        }
      ]
    },
    {
      "mode": "managed",
      "type": "aws_security_group_rule",
      "name": "aws_security_group_rule-c92a32cb",
      "provider": "provider[\"registry.terraform.io/hashicorp/aws\"].us-east-2",
      "instances": [
        {
          "schema_version": 2,
          "attributes": {
            "cidr_blocks": [
              "0.0.0.0/0"
            ],
            "description": null,
            "from_port": -1,
            "id": "sgrule-3779229335",
            "ipv6_cidr_blocks": null,
            "prefix_list_ids": null,
            "protocol": "0",
            "security_group_id": "sg-043aa27bcd6e33ff5",
            "self": false,
            "source_security_group_id": null,
            "to_port": -1,
            "type": "egress"
          },
          "sensitive_attributes": [],
          "private": "eyJzY2hlbWFfdmVyc2lvbiI6IjIifQ==",
          "dependencies": [
            "aws_default_vpc.aws_default_vpc_3",
            "aws_security_group.aws_security_group_ec2-de08daee"
          ]
        }
      ]
    },
    {
      "mode": "managed",
      "type": "aws_security_group_rule",
      "name": "aws_security_group_rule-f362004a",
      "provider": "provider[\"registry.terraform.io/hashicorp/aws\"].us-east-2",
      "instances": [
        {
          "schema_version": 2,
          "attributes": {
            "cidr_blocks": null,
            "description": null,
            "from_port": 443,
            "id": "sgrule-767613085",
            "ipv6_cidr_blocks": null,
            "prefix_list_ids": null,
            "protocol": "tcp",
            "security_group_id": "sg-043aa27bcd6e33ff5",
            "self": false,
            "source_security_group_id": "sg-02d079f31eaf89600",
            "to_port": 443,
            "type": "ingress"
          },
          "sensitive_attributes": [],
          "private": "eyJzY2hlbWFfdmVyc2lvbiI6IjIifQ==",
          "dependencies": [
            "aws_default_vpc.aws_default_vpc_3",
            "aws_security_group.aws_security_group_alb_10",
            "aws_security_group.aws_security_group_ec2-de08daee"
          ]
        }
      ]
    },
    {
      "mode": "managed",
      "type": "aws_security_group_rule",
      "name": "aws_security_group_rule_11",
      "provider": "provider[\"registry.terraform.io/hashicorp/aws\"].us-east-2",
      "instances": [
        {
          "schema_version": 2,
          "attributes": {
            "cidr_blocks": [
              "0.0.0.0/0"
            ],
            "description": null,
            "from_port": 80,
            "id": "sgrule-2820647757",
            "ipv6_cidr_blocks": null,
            "prefix_list_ids": null,
            "protocol": "tcp",
            "security_group_id": "sg-044ba9a09114d94a8",
            "self": false,
            "source_security_group_id": null,
            "to_port": 80,
            "type": "ingress"
          },
          "sensitive_attributes": [],
          "private": "eyJzY2hlbWFfdmVyc2lvbiI6IjIifQ==",
          "dependencies": [
            "aws_default_vpc.aws_default_vpc_3",
            "aws_security_group.aws_security_group_db-fcaa5a30"
          ]
        }
      ]
    },
    {
      "mode": "managed",
      "type": "aws_security_group_rule",
      "name": "aws_security_group_rule_16",
      "provider": "provider[\"registry.terraform.io/hashicorp/aws\"].us-east-2",
      "instances": [
        {
          "schema_version": 2,
          "attributes": {
            "cidr_blocks": null,
            "description": null,
            "from_port": 80,
            "id": "sgrule-2899612280",
            "ipv6_cidr_blocks": null,
            "prefix_list_ids": null,
            "protocol": "tcp",
            "security_group_id": "sg-043aa27bcd6e33ff5",
            "self": false,
            "source_security_group_id": "sg-02d079f31eaf89600",
            "to_port": 80,
            "type": "ingress"
          },
          "sensitive_attributes": [],
          "private": "eyJzY2hlbWFfdmVyc2lvbiI6IjIifQ==",
          "dependencies": [
            "aws_default_vpc.aws_default_vpc_3",
            "aws_security_group.aws_security_group_alb_10",
            "aws_security_group.aws_security_group_ec2-de08daee"
          ]
        }
      ]
    },
    {
      "mode": "managed",
      "type": "aws_security_group_rule",
      "name": "aws_security_group_rule_17",
      "provider": "provider[\"registry.terraform.io/hashicorp/aws\"].us-east-2",
      "instances": [
        {
          "schema_version": 2,
          "attributes": {
            "cidr_blocks": null,
            "description": null,
            "from_port": 3306,
            "id": "sgrule-2026123214",
            "ipv6_cidr_blocks": null,
            "prefix_list_ids": null,
            "protocol": "tcp",
            "security_group_id": "sg-044ba9a09114d94a8",
            "self": false,
            "source_security_group_id": "sg-043aa27bcd6e33ff5",
            "to_port": 3306,
            "type": "ingress"
          },
          "sensitive_attributes": [],
          "private": "eyJzY2hlbWFfdmVyc2lvbiI6IjIifQ==",
          "dependencies": [
            "aws_default_vpc.aws_default_vpc_3",
            "aws_security_group.aws_security_group_db-fcaa5a30",
            "aws_security_group.aws_security_group_ec2-de08daee"
          ]
        }
      ]
    }
  ]
}
