{
  "version": 4,
  "terraform_version": "0.14.11",
  "serial": 105,
  "lineage": "03d3125e-b624-8d86-6a85-fc191ea71691",
  "outputs": {},
  "resources": [
    {
      "mode": "managed",
      "type": "aws_default_subnet",
      "name": "aws_default_subnet_5",
      "provider": "provider[\"registry.terraform.io/hashicorp/aws\"].us-east-2",
      "instances": [
        {
          "schema_version": 1,
          "attributes": {
            "arn": "arn:aws:ec2:us-east-2:366187108546:subnet/subnet-5789672a",
            "assign_ipv6_address_on_creation": false,
            "availability_zone": "us-east-2b",
            "availability_zone_id": "use2-az2",
            "cidr_block": "172.31.16.0/20",
            "customer_owned_ipv4_pool": "",
            "enable_dns64": false,
            "enable_resource_name_dns_a_record_on_launch": false,
            "enable_resource_name_dns_aaaa_record_on_launch": false,
            "existing_default_subnet": true,
            "force_destroy": false,
            "id": "subnet-5789672a",
            "ipv6_cidr_block": "",
            "ipv6_cidr_block_association_id": "",
            "ipv6_native": false,
            "map_customer_owned_ip_on_launch": false,
            "map_public_ip_on_launch": true,
            "outpost_arn": "",
            "owner_id": "366187108546",
            "private_dns_hostname_type_on_launch": "ip-name",
            "tags": {
              "archUUID": "e5855611-71aa-4cbc-ad37-fb22e1764c39",
              "env": "Production"
            },
            "tags_all": {
              "archUUID": "e5855611-71aa-4cbc-ad37-fb22e1764c39",
              "env": "Production"
            },
            "timeouts": null,
            "vpc_id": "vpc-c677fead"
          },
          "sensitive_attributes": [],
          "private": "eyJlMmJmYjczMC1lY2FhLTExZTYtOGY4OC0zNDM2M2JjN2M0YzAiOnsiY3JlYXRlIjo2MDAwMDAwMDAwMDAsImRlbGV0ZSI6MTIwMDAwMDAwMDAwMH0sInNjaGVtYV92ZXJzaW9uIjoiMSJ9"
        }
      ]
    },
    {
      "mode": "managed",
      "type": "aws_default_subnet",
      "name": "aws_default_subnet_6",
      "provider": "provider[\"registry.terraform.io/hashicorp/aws\"].us-east-2",
      "instances": [
        {
          "schema_version": 1,
          "attributes": {
            "arn": "arn:aws:ec2:us-east-2:366187108546:subnet/subnet-5c9ec810",
            "assign_ipv6_address_on_creation": false,
            "availability_zone": "us-east-2c",
            "availability_zone_id": "use2-az3",
            "cidr_block": "172.31.32.0/20",
            "customer_owned_ipv4_pool": "",
            "enable_dns64": false,
            "enable_resource_name_dns_a_record_on_launch": false,
            "enable_resource_name_dns_aaaa_record_on_launch": false,
            "existing_default_subnet": true,
            "force_destroy": false,
            "id": "subnet-5c9ec810",
            "ipv6_cidr_block": "",
            "ipv6_cidr_block_association_id": "",
            "ipv6_native": false,
            "map_customer_owned_ip_on_launch": false,
            "map_public_ip_on_launch": true,
            "outpost_arn": "",
            "owner_id": "366187108546",
            "private_dns_hostname_type_on_launch": "ip-name",
            "tags": {
              "archUUID": "e5855611-71aa-4cbc-ad37-fb22e1764c39",
              "env": "Production"
            },
            "tags_all": {
              "archUUID": "e5855611-71aa-4cbc-ad37-fb22e1764c39",
              "env": "Production"
            },
            "timeouts": null,
            "vpc_id": "vpc-c677fead"
          },
          "sensitive_attributes": [],
          "private": "eyJlMmJmYjczMC1lY2FhLTExZTYtOGY4OC0zNDM2M2JjN2M0YzAiOnsiY3JlYXRlIjo2MDAwMDAwMDAwMDAsImRlbGV0ZSI6MTIwMDAwMDAwMDAwMH0sInNjaGVtYV92ZXJzaW9uIjoiMSJ9"
        }
      ]
    },
    {
      "mode": "managed",
      "type": "aws_default_vpc",
      "name": "aws_default_vpc_3",
      "provider": "provider[\"registry.terraform.io/hashicorp/aws\"].us-east-2",
      "instances": [
        {
          "schema_version": 1,
          "attributes": {
            "arn": "arn:aws:ec2:us-east-2:366187108546:vpc/vpc-c677fead",
            "assign_generated_ipv6_cidr_block": false,
            "cidr_block": "172.31.0.0/16",
            "default_network_acl_id": "acl-842255ef",
            "default_route_table_id": "rtb-992879f2",
            "default_security_group_id": "sg-578bdd22",
            "dhcp_options_id": "dopt-6046240b",
            "enable_classiclink": false,
            "enable_classiclink_dns_support": false,
            "enable_dns_hostnames": true,
            "enable_dns_support": true,
            "existing_default_vpc": true,
            "force_destroy": false,
            "id": "vpc-c677fead",
            "instance_tenancy": "default",
            "ipv6_association_id": "",
            "ipv6_cidr_block": "",
            "ipv6_cidr_block_network_border_group": "",
            "ipv6_ipam_pool_id": "",
            "ipv6_netmask_length": 0,
            "main_route_table_id": "rtb-992879f2",
            "owner_id": "366187108546",
            "tags": {
              "archUUID": "e5855611-71aa-4cbc-ad37-fb22e1764c39",
              "env": "Production"
            },
            "tags_all": {
              "archUUID": "e5855611-71aa-4cbc-ad37-fb22e1764c39",
              "env": "Production"
            }
          },
          "sensitive_attributes": [],
          "private": "eyJzY2hlbWFfdmVyc2lvbiI6IjEifQ=="
        }
      ]
    },
    {
      "mode": "managed",
      "type": "aws_lb",
      "name": "alb_9",
      "provider": "provider[\"registry.terraform.io/hashicorp/aws\"].us-east-2",
      "instances": [
        {
          "schema_version": 0,
          "attributes": {
            "access_logs": [
              {
                "bucket": "",
                "enabled": false,
                "prefix": ""
              }
            ],
            "arn": "arn:aws:elasticloadbalancing:us-east-2:366187108546:loadbalancer/app/tf-lb-20220429142742620800000005/7b17bb53525c6235",
            "arn_suffix": "app/tf-lb-20220429142742620800000005/7b17bb53525c6235",
            "customer_owned_ipv4_pool": "",
            "desync_mitigation_mode": "defensive",
            "dns_name": "tf-lb-20220429142742620800000005-2024302310.us-east-2.elb.amazonaws.com",
            "drop_invalid_header_fields": false,
            "enable_cross_zone_load_balancing": null,
            "enable_deletion_protection": true,
            "enable_http2": true,
            "enable_waf_fail_open": false,
            "id": "arn:aws:elasticloadbalancing:us-east-2:366187108546:loadbalancer/app/tf-lb-20220429142742620800000005/7b17bb53525c6235",
            "idle_timeout": 60,
            "internal": false,
            "ip_address_type": "ipv4",
            "load_balancer_type": "application",
            "name": "tf-lb-20220429142742620800000005",
            "name_prefix": null,
            "security_groups": [
              "sg-0063d572b64843d92"
            ],
            "subnet_mapping": [
              {
                "allocation_id": "",
                "ipv6_address": "",
                "outpost_id": "",
                "private_ipv4_address": "",
                "subnet_id": "subnet-5789672a"
              },
              {
                "allocation_id": "",
                "ipv6_address": "",
                "outpost_id": "",
                "private_ipv4_address": "",
                "subnet_id": "subnet-5c9ec810"
              }
            ],
            "subnets": [
              "subnet-5789672a",
              "subnet-5c9ec810"
            ],
            "tags": {
              "archUUID": "e5855611-71aa-4cbc-ad37-fb22e1764c39",
              "env": "Production"
            },
            "tags_all": {
              "archUUID": "e5855611-71aa-4cbc-ad37-fb22e1764c39",
              "env": "Production"
            },
            "timeouts": null,
            "vpc_id": "vpc-c677fead",
            "zone_id": "Z3AADJGX6KTTL2"
          },
          "sensitive_attributes": []
        }
      ]
    },
    {
      "mode": "managed",
      "type": "aws_security_group",
      "name": "aws_security_group_alb_10",
      "provider": "provider[\"registry.terraform.io/hashicorp/aws\"].us-east-2",
      "instances": [
        {
          "schema_version": 1,
          "attributes": {
            "arn": "arn:aws:ec2:us-east-2:366187108546:security-group/sg-0063d572b64843d92",
            "description": "Managed by Terraform",
            "egress": [
              {
                "cidr_blocks": [
                  "0.0.0.0/0"
                ],
                "description": "",
                "from_port": 0,
                "ipv6_cidr_blocks": [],
                "prefix_list_ids": [],
                "protocol": "-1",
                "security_groups": [],
                "self": false,
                "to_port": 0
              }
            ],
            "id": "sg-0063d572b64843d92",
            "ingress": [
              {
                "cidr_blocks": [
                  "0.0.0.0/0"
                ],
                "description": "",
                "from_port": 443,
                "ipv6_cidr_blocks": [],
                "prefix_list_ids": [],
                "protocol": "tcp",
                "security_groups": [],
                "self": false,
                "to_port": 443
              },
              {
                "cidr_blocks": [
                  "0.0.0.0/0"
                ],
                "description": "",
                "from_port": 80,
                "ipv6_cidr_blocks": [],
                "prefix_list_ids": [],
                "protocol": "tcp",
                "security_groups": [],
                "self": false,
                "to_port": 80
              }
            ],
            "name": "terraform-20220429142740524400000001",
            "name_prefix": "terraform-",
            "owner_id": "366187108546",
            "revoke_rules_on_delete": false,
            "tags": {
              "archUUID": "e5855611-71aa-4cbc-ad37-fb22e1764c39",
              "env": "Production"
            },
            "tags_all": {
              "archUUID": "e5855611-71aa-4cbc-ad37-fb22e1764c39",
              "env": "Production"
            },
            "timeouts": null,
            "vpc_id": "vpc-c677fead"
          },
          "sensitive_attributes": [],
          "private": "eyJlMmJmYjczMC1lY2FhLTExZTYtOGY4OC0zNDM2M2JjN2M0YzAiOnsiY3JlYXRlIjo2MDAwMDAwMDAwMDAsImRlbGV0ZSI6OTAwMDAwMDAwMDAwfSwic2NoZW1hX3ZlcnNpb24iOiIxIn0=",
          "dependencies": [
            "aws_default_vpc.aws_default_vpc_3"
          ]
        }
      ]
    }
  ]
}
