{
  "version": 4,
  "terraform_version": "0.14.11",
  "serial": 79,
  "lineage": "47c8c739-dcd8-a14f-510f-edfe4805ab69",
  "outputs": {},
  "resources": [
    {
      "mode": "managed",
      "type": "aws_autoscaling_group",
      "name": "aws_asg_23",
      "provider": "provider[\"registry.terraform.io/hashicorp/aws\"].us-east-2",
      "instances": [
        {
          "schema_version": 0,
          "attributes": {
            "arn": "arn:aws:autoscaling:us-east-2:366187108546:autoScalingGroup:9c8fd278-7a0f-4d53-b882-759ee761a8dd:autoScalingGroupName/terraform-20220501155041788900000002",
            "availability_zones": [
              "us-east-2b",
              "us-east-2c"
            ],
            "capacity_rebalance": false,
            "default_cooldown": 300,
            "desired_capacity": 2,
            "enabled_metrics": [],
            "force_delete": false,
            "force_delete_warm_pool": false,
            "health_check_grace_period": 300,
            "health_check_type": "EC2",
            "id": "terraform-20220501155041788900000002",
            "initial_lifecycle_hook": [],
            "instance_refresh": [],
            "launch_configuration": "",
            "launch_template": [
              {
                "id": "lt-07126e7684abc068a",
                "name": "terraform-20220501152542930500000005",
                "version": "2"
              }
            ],
            "load_balancers": [],
            "max_instance_lifetime": 0,
            "max_size": 5,
            "metrics_granularity": "1Minute",
            "min_elb_capacity": null,
            "min_size": 2,
            "mixed_instances_policy": [],
            "name": "terraform-20220501155041788900000002",
            "name_prefix": "terraform-",
            "placement_group": "",
            "protect_from_scale_in": false,
            "service_linked_role_arn": "arn:aws:iam::366187108546:role/aws-service-role/autoscaling.amazonaws.com/AWSServiceRoleForAutoScaling",
            "suspended_processes": [],
            "tag": [],
            "tags": null,
            "target_group_arns": [
              "arn:aws:elasticloadbalancing:us-east-2:366187108546:targetgroup/tf-2022050115254639230000000f/5e7b4d1ebc55422c"
            ],
            "termination_policies": [],
            "timeouts": null,
            "vpc_zone_identifier": [],
            "wait_for_capacity_timeout": "10m",
            "wait_for_elb_capacity": null,
            "warm_pool": []
          },
          "sensitive_attributes": [],
          "private": "eyJlMmJmYjczMC1lY2FhLTExZTYtOGY4OC0zNDM2M2JjN2M0YzAiOnsiZGVsZXRlIjo2MDAwMDAwMDAwMDB9fQ==",
          "dependencies": [
            "aws_default_vpc.aws_default_vpc_1",
            "aws_launch_template.aws_launch_template_35",
            "aws_lb_target_group.aws_lb_target_group_37",
            "aws_security_group.aws_security_group_19"
          ]
        }
      ]
    },
    {
      "mode": "managed",
      "type": "aws_autoscaling_group",
      "name": "aws_asg_48",
      "provider": "provider[\"registry.terraform.io/hashicorp/aws\"].us-east-2",
      "instances": [
        {
          "schema_version": 0,
          "attributes": {
            "arn": "arn:aws:autoscaling:us-east-2:366187108546:autoScalingGroup:02e9ff2a-b5ae-48f9-a9e9-cb4c949ebd76:autoScalingGroupName/terraform-20220501161515468600000003",
            "availability_zones": [
              "us-east-2b",
              "us-east-2c"
            ],
            "capacity_rebalance": false,
            "default_cooldown": 300,
            "desired_capacity": 1,
            "enabled_metrics": [],
            "force_delete": false,
            "force_delete_warm_pool": false,
            "health_check_grace_period": 300,
            "health_check_type": "EC2",
            "id": "terraform-20220501161515468600000003",
            "initial_lifecycle_hook": [],
            "instance_refresh": [],
            "launch_configuration": "",
            "launch_template": [
              {
                "id": "lt-04c6db0b60856aebd",
                "name": "terraform-20220501152545105500000009",
                "version": "2"
              }
            ],
            "load_balancers": [],
            "max_instance_lifetime": 0,
            "max_size": 3,
            "metrics_granularity": "1Minute",
            "min_elb_capacity": null,
            "min_size": 1,
            "mixed_instances_policy": [],
            "name": "terraform-20220501161515468600000003",
            "name_prefix": "terraform-",
            "placement_group": "",
            "protect_from_scale_in": false,
            "service_linked_role_arn": "arn:aws:iam::366187108546:role/aws-service-role/autoscaling.amazonaws.com/AWSServiceRoleForAutoScaling",
            "suspended_processes": [],
            "tag": [],
            "tags": null,
            "target_group_arns": [
              "arn:aws:elasticloadbalancing:us-east-2:366187108546:targetgroup/tf-2022050115254638670000000e/4d019c806cf6322e"
            ],
            "termination_policies": [],
            "timeouts": null,
            "vpc_zone_identifier": [],
            "wait_for_capacity_timeout": "10m",
            "wait_for_elb_capacity": null,
            "warm_pool": []
          },
          "sensitive_attributes": [],
          "private": "eyJlMmJmYjczMC1lY2FhLTExZTYtOGY4OC0zNDM2M2JjN2M0YzAiOnsiZGVsZXRlIjo2MDAwMDAwMDAwMDB9fQ==",
          "dependencies": [
            "aws_default_vpc.aws_default_vpc_1",
            "aws_launch_template.aws_launch_template_34",
            "aws_lb_target_group.aws_lb_target_group_36",
            "aws_security_group.aws_security_group_19"
          ]
        }
      ]
    },
    {
      "mode": "managed",
      "type": "aws_autoscaling_policy",
      "name": "aws_autoscaling_policy_38",
      "provider": "provider[\"registry.terraform.io/hashicorp/aws\"].us-east-2",
      "instances": [
        {
          "schema_version": 0,
          "attributes": {
            "adjustment_type": "ChangeInCapacity",
            "arn": "arn:aws:autoscaling:us-east-2:366187108546:scalingPolicy:67047632-61fe-499c-a54e-0aa889fb2596:autoScalingGroupName/terraform-20220501155041788900000002:policyName/scale_out",
            "autoscaling_group_name": "terraform-20220501155041788900000002",
            "cooldown": 0,
            "estimated_instance_warmup": 0,
            "id": "scale_out",
            "metric_aggregation_type": "",
            "min_adjustment_magnitude": null,
            "name": "scale_out",
            "policy_type": "SimpleScaling",
            "predictive_scaling_configuration": [],
            "scaling_adjustment": 1,
            "step_adjustment": [],
            "target_tracking_configuration": []
          },
          "sensitive_attributes": [],
          "private": "bnVsbA==",
          "dependencies": [
            "aws_autoscaling_group.aws_asg_23",
            "aws_default_vpc.aws_default_vpc_1",
            "aws_launch_template.aws_launch_template_35",
            "aws_lb_target_group.aws_lb_target_group_37",
            "aws_security_group.aws_security_group_19"
          ]
        }
      ]
    },
    {
      "mode": "managed",
      "type": "aws_autoscaling_policy",
      "name": "aws_autoscaling_policy_39",
      "provider": "provider[\"registry.terraform.io/hashicorp/aws\"].us-east-2",
      "instances": [
        {
          "schema_version": 0,
          "attributes": {
            "adjustment_type": "ChangeInCapacity",
            "arn": "arn:aws:autoscaling:us-east-2:366187108546:scalingPolicy:f05ca814-c3a6-4853-a169-f47f3045905b:autoScalingGroupName/terraform-20220501155041788900000002:policyName/scale_in",
            "autoscaling_group_name": "terraform-20220501155041788900000002",
            "cooldown": 0,
            "estimated_instance_warmup": 0,
            "id": "scale_in",
            "metric_aggregation_type": "",
            "min_adjustment_magnitude": null,
            "name": "scale_in",
            "policy_type": "SimpleScaling",
            "predictive_scaling_configuration": [],
            "scaling_adjustment": -1,
            "step_adjustment": [],
            "target_tracking_configuration": []
          },
          "sensitive_attributes": [],
          "private": "bnVsbA==",
          "dependencies": [
            "aws_autoscaling_group.aws_asg_23",
            "aws_default_vpc.aws_default_vpc_1",
            "aws_launch_template.aws_launch_template_35",
            "aws_lb_target_group.aws_lb_target_group_37",
            "aws_security_group.aws_security_group_19"
          ]
        }
      ]
    },
    {
      "mode": "managed",
      "type": "aws_autoscaling_policy",
      "name": "aws_autoscaling_policy_49",
      "provider": "provider[\"registry.terraform.io/hashicorp/aws\"].us-east-2",
      "instances": [
        {
          "schema_version": 0,
          "attributes": {
            "adjustment_type": "ChangeInCapacity",
            "arn": "arn:aws:autoscaling:us-east-2:366187108546:scalingPolicy:7d356e9e-5090-431d-870a-fe0a9ff3c0fc:autoScalingGroupName/terraform-20220501161515468600000003:policyName/scale_out",
            "autoscaling_group_name": "terraform-20220501161515468600000003",
            "cooldown": 0,
            "estimated_instance_warmup": 0,
            "id": "scale_out",
            "metric_aggregation_type": "",
            "min_adjustment_magnitude": null,
            "name": "scale_out",
            "policy_type": "SimpleScaling",
            "predictive_scaling_configuration": [],
            "scaling_adjustment": 1,
            "step_adjustment": [],
            "target_tracking_configuration": []
          },
          "sensitive_attributes": [],
          "private": "bnVsbA==",
          "dependencies": [
            "aws_autoscaling_group.aws_asg_48",
            "aws_default_vpc.aws_default_vpc_1",
            "aws_launch_template.aws_launch_template_34",
            "aws_lb_target_group.aws_lb_target_group_36",
            "aws_security_group.aws_security_group_19"
          ]
        }
      ]
    },
    {
      "mode": "managed",
      "type": "aws_autoscaling_policy",
      "name": "aws_autoscaling_policy_50",
      "provider": "provider[\"registry.terraform.io/hashicorp/aws\"].us-east-2",
      "instances": [
        {
          "schema_version": 0,
          "attributes": {
            "adjustment_type": "ChangeInCapacity",
            "arn": "arn:aws:autoscaling:us-east-2:366187108546:scalingPolicy:fc66e855-fe72-4cc8-ba10-43d390344913:autoScalingGroupName/terraform-20220501161515468600000003:policyName/scale_in",
            "autoscaling_group_name": "terraform-20220501161515468600000003",
            "cooldown": 0,
            "estimated_instance_warmup": 0,
            "id": "scale_in",
            "metric_aggregation_type": "",
            "min_adjustment_magnitude": null,
            "name": "scale_in",
            "policy_type": "SimpleScaling",
            "predictive_scaling_configuration": [],
            "scaling_adjustment": -1,
            "step_adjustment": [],
            "target_tracking_configuration": []
          },
          "sensitive_attributes": [],
          "private": "bnVsbA==",
          "dependencies": [
            "aws_autoscaling_group.aws_asg_48",
            "aws_default_vpc.aws_default_vpc_1",
            "aws_launch_template.aws_launch_template_34",
            "aws_lb_target_group.aws_lb_target_group_36",
            "aws_security_group.aws_security_group_19"
          ]
        }
      ]
    },
    {
      "mode": "managed",
      "type": "aws_cloudwatch_metric_alarm",
      "name": "aws_cloudwatch_metric_alarm_44",
      "provider": "provider[\"registry.terraform.io/hashicorp/aws\"].us-east-2",
      "instances": [
        {
          "schema_version": 1,
          "attributes": {
            "actions_enabled": true,
            "alarm_actions": [
              "arn:aws:autoscaling:us-east-2:366187108546:scalingPolicy:f05ca814-c3a6-4853-a169-f47f3045905b:autoScalingGroupName/terraform-20220501155041788900000002:policyName/scale_in"
            ],
            "alarm_description": "",
            "alarm_name": "cpu_below_90",
            "arn": "arn:aws:cloudwatch:us-east-2:366187108546:alarm:cpu_below_90",
            "comparison_operator": "LessThanThreshold",
            "datapoints_to_alarm": 0,
            "dimensions": {
              "AutoScalingGroupName": "terraform-20220501155041788900000002"
            },
            "evaluate_low_sample_count_percentiles": "",
            "evaluation_periods": 2,
            "extended_statistic": "",
            "id": "cpu_below_90",
            "insufficient_data_actions": [],
            "metric_name": "CPUUtilization",
            "metric_query": [],
            "namespace": "AWS/EC2",
            "ok_actions": [],
            "period": 600,
            "statistic": "Average",
            "tags": {
              "archUUID": "c3cbd410-a565-4d33-bfd0-4e81e45e61f7",
              "env": "Production"
            },
            "tags_all": {
              "archUUID": "c3cbd410-a565-4d33-bfd0-4e81e45e61f7",
              "env": "Production"
            },
            "threshold": 90,
            "threshold_metric_id": "",
            "treat_missing_data": "missing",
            "unit": "Percent"
          },
          "sensitive_attributes": [],
          "private": "eyJzY2hlbWFfdmVyc2lvbiI6IjEifQ==",
          "dependencies": [
            "aws_autoscaling_group.aws_asg_23",
            "aws_autoscaling_policy.aws_autoscaling_policy_39"
          ]
        }
      ]
    },
    {
      "mode": "managed",
      "type": "aws_cloudwatch_metric_alarm",
      "name": "aws_cloudwatch_metric_alarm_45",
      "provider": "provider[\"registry.terraform.io/hashicorp/aws\"].us-east-2",
      "instances": [
        {
          "schema_version": 1,
          "attributes": {
            "actions_enabled": true,
            "alarm_actions": [
              "arn:aws:autoscaling:us-east-2:366187108546:scalingPolicy:67047632-61fe-499c-a54e-0aa889fb2596:autoScalingGroupName/terraform-20220501155041788900000002:policyName/scale_out"
            ],
            "alarm_description": "",
            "alarm_name": "cpu_above_90",
            "arn": "arn:aws:cloudwatch:us-east-2:366187108546:alarm:cpu_above_90",
            "comparison_operator": "GreaterThanOrEqualToThreshold",
            "datapoints_to_alarm": 0,
            "dimensions": {
              "AutoScalingGroupName": "terraform-20220501155041788900000002"
            },
            "evaluate_low_sample_count_percentiles": "",
            "evaluation_periods": 2,
            "extended_statistic": "",
            "id": "cpu_above_90",
            "insufficient_data_actions": [],
            "metric_name": "CPUUtilization",
            "metric_query": [],
            "namespace": "AWS/EC2",
            "ok_actions": [],
            "period": 600,
            "statistic": "Average",
            "tags": {
              "archUUID": "c3cbd410-a565-4d33-bfd0-4e81e45e61f7",
              "env": "Production"
            },
            "tags_all": {
              "archUUID": "c3cbd410-a565-4d33-bfd0-4e81e45e61f7",
              "env": "Production"
            },
            "threshold": 90,
            "threshold_metric_id": "",
            "treat_missing_data": "missing",
            "unit": "Percent"
          },
          "sensitive_attributes": [],
          "private": "eyJzY2hlbWFfdmVyc2lvbiI6IjEifQ==",
          "dependencies": [
            "aws_autoscaling_group.aws_asg_23",
            "aws_autoscaling_policy.aws_autoscaling_policy_38"
          ]
        }
      ]
    },
    {
      "mode": "managed",
      "type": "aws_cloudwatch_metric_alarm",
      "name": "aws_cloudwatch_metric_alarm_51",
      "provider": "provider[\"registry.terraform.io/hashicorp/aws\"].us-east-2",
      "instances": [
        {
          "schema_version": 1,
          "attributes": {
            "actions_enabled": true,
            "alarm_actions": [
              "arn:aws:autoscaling:us-east-2:366187108546:scalingPolicy:fc66e855-fe72-4cc8-ba10-43d390344913:autoScalingGroupName/terraform-20220501161515468600000003:policyName/scale_in"
            ],
            "alarm_description": "",
            "alarm_name": "cpu_below_90",
            "arn": "arn:aws:cloudwatch:us-east-2:366187108546:alarm:cpu_below_90",
            "comparison_operator": "LessThanThreshold",
            "datapoints_to_alarm": 0,
            "dimensions": {
              "AutoScalingGroupName": "terraform-20220501161515468600000003"
            },
            "evaluate_low_sample_count_percentiles": "",
            "evaluation_periods": 2,
            "extended_statistic": "",
            "id": "cpu_below_90",
            "insufficient_data_actions": [],
            "metric_name": "CPUUtilization",
            "metric_query": [],
            "namespace": "AWS/EC2",
            "ok_actions": [],
            "period": 600,
            "statistic": "Average",
            "tags": {
              "archUUID": "c3cbd410-a565-4d33-bfd0-4e81e45e61f7",
              "env": "Production"
            },
            "tags_all": {
              "archUUID": "c3cbd410-a565-4d33-bfd0-4e81e45e61f7",
              "env": "Production"
            },
            "threshold": 90,
            "threshold_metric_id": "",
            "treat_missing_data": "missing",
            "unit": "Percent"
          },
          "sensitive_attributes": [],
          "private": "eyJzY2hlbWFfdmVyc2lvbiI6IjEifQ==",
          "dependencies": [
            "aws_autoscaling_group.aws_asg_48",
            "aws_autoscaling_policy.aws_autoscaling_policy_50",
            "aws_default_vpc.aws_default_vpc_1",
            "aws_launch_template.aws_launch_template_34",
            "aws_lb_target_group.aws_lb_target_group_36",
            "aws_security_group.aws_security_group_19"
          ]
        }
      ]
    },
    {
      "mode": "managed",
      "type": "aws_cloudwatch_metric_alarm",
      "name": "aws_cloudwatch_metric_alarm_52",
      "provider": "provider[\"registry.terraform.io/hashicorp/aws\"].us-east-2",
      "instances": [
        {
          "schema_version": 1,
          "attributes": {
            "actions_enabled": true,
            "alarm_actions": [
              "arn:aws:autoscaling:us-east-2:366187108546:scalingPolicy:7d356e9e-5090-431d-870a-fe0a9ff3c0fc:autoScalingGroupName/terraform-20220501161515468600000003:policyName/scale_out"
            ],
            "alarm_description": "",
            "alarm_name": "cpu_above_90",
            "arn": "arn:aws:cloudwatch:us-east-2:366187108546:alarm:cpu_above_90",
            "comparison_operator": "GreaterThanOrEqualToThreshold",
            "datapoints_to_alarm": 0,
            "dimensions": {
              "AutoScalingGroupName": "terraform-20220501161515468600000003"
            },
            "evaluate_low_sample_count_percentiles": "",
            "evaluation_periods": 2,
            "extended_statistic": "",
            "id": "cpu_above_90",
            "insufficient_data_actions": [],
            "metric_name": "CPUUtilization",
            "metric_query": [],
            "namespace": "AWS/EC2",
            "ok_actions": [],
            "period": 600,
            "statistic": "Average",
            "tags": {
              "archUUID": "c3cbd410-a565-4d33-bfd0-4e81e45e61f7",
              "env": "Production"
            },
            "tags_all": {
              "archUUID": "c3cbd410-a565-4d33-bfd0-4e81e45e61f7",
              "env": "Production"
            },
            "threshold": 90,
            "threshold_metric_id": "",
            "treat_missing_data": "missing",
            "unit": "Percent"
          },
          "sensitive_attributes": [],
          "private": "eyJzY2hlbWFfdmVyc2lvbiI6IjEifQ==",
          "dependencies": [
            "aws_autoscaling_group.aws_asg_48",
            "aws_autoscaling_policy.aws_autoscaling_policy_49",
            "aws_default_vpc.aws_default_vpc_1",
            "aws_launch_template.aws_launch_template_34",
            "aws_lb_target_group.aws_lb_target_group_36",
            "aws_security_group.aws_security_group_19"
          ]
        }
      ]
    },
    {
      "mode": "managed",
      "type": "aws_default_subnet",
      "name": "aws_default_subnet_2",
      "provider": "provider[\"registry.terraform.io/hashicorp/aws\"].us-east-2",
      "instances": [
        {
          "schema_version": 1,
          "attributes": {
            "arn": "arn:aws:ec2:us-east-2:366187108546:subnet/subnet-5789672a",
            "assign_ipv6_address_on_creation": false,
            "availability_zone": "us-east-2b",
            "availability_zone_id": "use2-az2",
            "cidr_block": "172.31.16.0/20",
            "customer_owned_ipv4_pool": "",
            "enable_dns64": false,
            "enable_resource_name_dns_a_record_on_launch": false,
            "enable_resource_name_dns_aaaa_record_on_launch": false,
            "existing_default_subnet": true,
            "force_destroy": false,
            "id": "subnet-5789672a",
            "ipv6_cidr_block": "",
            "ipv6_cidr_block_association_id": "",
            "ipv6_native": false,
            "map_customer_owned_ip_on_launch": false,
            "map_public_ip_on_launch": true,
            "outpost_arn": "",
            "owner_id": "366187108546",
            "private_dns_hostname_type_on_launch": "ip-name",
            "tags": {
              "archUUID": "c3cbd410-a565-4d33-bfd0-4e81e45e61f7",
              "env": "Production"
            },
            "tags_all": {
              "archUUID": "c3cbd410-a565-4d33-bfd0-4e81e45e61f7",
              "env": "Production"
            },
            "timeouts": null,
            "vpc_id": "vpc-c677fead"
          },
          "sensitive_attributes": [],
          "private": "eyJlMmJmYjczMC1lY2FhLTExZTYtOGY4OC0zNDM2M2JjN2M0YzAiOnsiY3JlYXRlIjo2MDAwMDAwMDAwMDAsImRlbGV0ZSI6MTIwMDAwMDAwMDAwMH0sInNjaGVtYV92ZXJzaW9uIjoiMSJ9"
        }
      ]
    },
    {
      "mode": "managed",
      "type": "aws_default_subnet",
      "name": "aws_default_subnet_3",
      "provider": "provider[\"registry.terraform.io/hashicorp/aws\"].us-east-2",
      "instances": [
        {
          "schema_version": 1,
          "attributes": {
            "arn": "arn:aws:ec2:us-east-2:366187108546:subnet/subnet-5c9ec810",
            "assign_ipv6_address_on_creation": false,
            "availability_zone": "us-east-2c",
            "availability_zone_id": "use2-az3",
            "cidr_block": "172.31.32.0/20",
            "customer_owned_ipv4_pool": "",
            "enable_dns64": false,
            "enable_resource_name_dns_a_record_on_launch": false,
            "enable_resource_name_dns_aaaa_record_on_launch": false,
            "existing_default_subnet": true,
            "force_destroy": false,
            "id": "subnet-5c9ec810",
            "ipv6_cidr_block": "",
            "ipv6_cidr_block_association_id": "",
            "ipv6_native": false,
            "map_customer_owned_ip_on_launch": false,
            "map_public_ip_on_launch": true,
            "outpost_arn": "",
            "owner_id": "366187108546",
            "private_dns_hostname_type_on_launch": "ip-name",
            "tags": {
              "archUUID": "c3cbd410-a565-4d33-bfd0-4e81e45e61f7",
              "env": "Production"
            },
            "tags_all": {
              "archUUID": "c3cbd410-a565-4d33-bfd0-4e81e45e61f7",
              "env": "Production"
            },
            "timeouts": null,
            "vpc_id": "vpc-c677fead"
          },
          "sensitive_attributes": [],
          "private": "eyJlMmJmYjczMC1lY2FhLTExZTYtOGY4OC0zNDM2M2JjN2M0YzAiOnsiY3JlYXRlIjo2MDAwMDAwMDAwMDAsImRlbGV0ZSI6MTIwMDAwMDAwMDAwMH0sInNjaGVtYV92ZXJzaW9uIjoiMSJ9"
        }
      ]
    },
    {
      "mode": "managed",
      "type": "aws_default_vpc",
      "name": "aws_default_vpc_1",
      "provider": "provider[\"registry.terraform.io/hashicorp/aws\"].us-east-2",
      "instances": [
        {
          "schema_version": 1,
          "attributes": {
            "arn": "arn:aws:ec2:us-east-2:366187108546:vpc/vpc-c677fead",
            "assign_generated_ipv6_cidr_block": false,
            "cidr_block": "172.31.0.0/16",
            "default_network_acl_id": "acl-842255ef",
            "default_route_table_id": "rtb-992879f2",
            "default_security_group_id": "sg-578bdd22",
            "dhcp_options_id": "dopt-6046240b",
            "enable_classiclink": false,
            "enable_classiclink_dns_support": false,
            "enable_dns_hostnames": true,
            "enable_dns_support": true,
            "existing_default_vpc": true,
            "force_destroy": false,
            "id": "vpc-c677fead",
            "instance_tenancy": "default",
            "ipv6_association_id": "",
            "ipv6_cidr_block": "",
            "ipv6_cidr_block_network_border_group": "",
            "ipv6_ipam_pool_id": "",
            "ipv6_netmask_length": 0,
            "main_route_table_id": "rtb-992879f2",
            "owner_id": "366187108546",
            "tags": {
              "archUUID": "c3cbd410-a565-4d33-bfd0-4e81e45e61f7",
              "env": "Production"
            },
            "tags_all": {
              "archUUID": "c3cbd410-a565-4d33-bfd0-4e81e45e61f7",
              "env": "Production"
            }
          },
          "sensitive_attributes": [],
          "private": "eyJzY2hlbWFfdmVyc2lvbiI6IjEifQ=="
        }
      ]
    },
    {
      "mode": "managed",
      "type": "aws_instance",
      "name": "m5_24",
      "provider": "provider[\"registry.terraform.io/hashicorp/aws\"].us-east-2",
      "instances": [
        {
          "schema_version": 1,
          "attributes": {
            "ami": "ami-0c6a6b0e75b2b6ce7",
            "arn": "arn:aws:ec2:us-east-2:366187108546:instance/i-093552bb007d65810",
            "associate_public_ip_address": true,
            "availability_zone": "us-east-2c",
            "capacity_reservation_specification": [
              {
                "capacity_reservation_preference": "open",
                "capacity_reservation_target": []
              }
            ],
            "cpu_core_count": 1,
            "cpu_threads_per_core": 2,
            "credit_specification": [],
            "disable_api_termination": false,
            "ebs_block_device": [],
            "ebs_optimized": false,
            "enclave_options": [
              {
                "enabled": false
              }
            ],
            "ephemeral_block_device": [],
            "get_password_data": false,
            "hibernation": false,
            "host_id": null,
            "iam_instance_profile": "",
            "id": "i-093552bb007d65810",
            "instance_initiated_shutdown_behavior": "stop",
            "instance_state": "running",
            "instance_type": "m5.large",
            "ipv6_address_count": 0,
            "ipv6_addresses": [],
            "key_name": "braibboard",
            "launch_template": [],
            "metadata_options": [
              {
                "http_endpoint": "enabled",
                "http_put_response_hop_limit": 1,
                "http_tokens": "optional",
                "instance_metadata_tags": "disabled"
              }
            ],
            "monitoring": false,
            "network_interface": [],
            "outpost_arn": "",
            "password_data": "",
            "placement_group": "",
            "placement_partition_number": null,
            "primary_network_interface_id": "eni-07d2d2e6ea0814978",
            "private_dns": "ip-172-31-39-255.us-east-2.compute.internal",
            "private_ip": "172.31.39.255",
            "public_dns": "ec2-18-221-95-10.us-east-2.compute.amazonaws.com",
            "public_ip": "18.221.95.10",
            "root_block_device": [
              {
                "delete_on_termination": true,
                "device_name": "/dev/xvda",
                "encrypted": false,
                "iops": 100,
                "kms_key_id": "",
                "tags": {},
                "throughput": 0,
                "volume_id": "vol-01d16f8eb710b41ed",
                "volume_size": 8,
                "volume_type": "gp2"
              }
            ],
            "secondary_private_ips": [],
            "security_groups": [
              "terraform-20220501152542929900000004"
            ],
            "source_dest_check": true,
            "subnet_id": "subnet-5c9ec810",
            "tags": {
              "archUUID": "c3cbd410-a565-4d33-bfd0-4e81e45e61f7",
              "env": "Production"
            },
            "tags_all": {
              "archUUID": "c3cbd410-a565-4d33-bfd0-4e81e45e61f7",
              "env": "Production"
            },
            "tenancy": "default",
            "timeouts": null,
            "user_data": "aa3cd143c40afec103398881c361c3bab0b43c62",
            "user_data_base64": null,
            "user_data_replace_on_change": false,
            "volume_tags": null,
            "vpc_security_group_ids": [
              "sg-09252c863360995a9"
            ]
          },
          "sensitive_attributes": [],
          "private": "eyJlMmJmYjczMC1lY2FhLTExZTYtOGY4OC0zNDM2M2JjN2M0YzAiOnsiY3JlYXRlIjo2MDAwMDAwMDAwMDAsImRlbGV0ZSI6MTIwMDAwMDAwMDAwMCwidXBkYXRlIjo2MDAwMDAwMDAwMDB9LCJzY2hlbWFfdmVyc2lvbiI6IjEifQ==",
          "dependencies": [
            "aws_security_group.aws_security_group_8"
          ]
        }
      ]
    },
    {
      "mode": "managed",
      "type": "aws_launch_template",
      "name": "aws_launch_template_34",
      "provider": "provider[\"registry.terraform.io/hashicorp/aws\"].us-east-2",
      "instances": [
        {
          "schema_version": 0,
          "attributes": {
            "arn": "arn:aws:ec2:us-east-2:366187108546:launch-template/lt-04c6db0b60856aebd",
            "block_device_mappings": [],
            "capacity_reservation_specification": [],
            "cpu_options": [],
            "credit_specification": [],
            "default_version": 1,
            "description": "",
            "disable_api_termination": false,
            "ebs_optimized": "",
            "elastic_gpu_specifications": [],
            "elastic_inference_accelerator": [],
            "enclave_options": [],
            "hibernation_options": [],
            "iam_instance_profile": [],
            "id": "lt-04c6db0b60856aebd",
            "image_id": "ami-0c6a6b0e75b2b6ce7",
            "instance_initiated_shutdown_behavior": "",
            "instance_market_options": [],
            "instance_type": "t2.medium",
            "kernel_id": "",
            "key_name": "braibboard",
            "latest_version": 2,
            "license_specification": [],
            "metadata_options": [],
            "monitoring": [],
            "name": "terraform-20220501152545105500000009",
            "name_prefix": "terraform-",
            "network_interfaces": [],
            "placement": [],
            "private_dns_name_options": [],
            "ram_disk_id": "",
            "security_group_names": [],
            "tag_specifications": [],
            "tags": {
              "archUUID": "c3cbd410-a565-4d33-bfd0-4e81e45e61f7",
              "env": "Production"
            },
            "tags_all": {
              "archUUID": "c3cbd410-a565-4d33-bfd0-4e81e45e61f7",
              "env": "Production"
            },
            "update_default_version": null,
            "user_data": "IyEvYmluL2Jhc2gKc3VkbyB5dW0gaW5zdGFsbCBodHRwZCAteQpzdWRvIHN5c3RlbWN0bCBlbmFibGUgaHR0cGQKc3VkbyBzeXN0ZW1jdGwgc3RhcnQgaHR0cGQKc3VkbyBlY2hvICJ0aGlzIGlzIG15IHdlYnNpdGUgMiIgPj4gL3Zhci93d3cvaHRtbC9pbmRleC5odG1s",
            "vpc_security_group_ids": [
              "sg-0e4918e7ac9a12e07"
            ]
          },
          "sensitive_attributes": [],
          "private": "bnVsbA==",
          "dependencies": [
            "aws_security_group.aws_security_group_19"
          ]
        }
      ]
    },
    {
      "mode": "managed",
      "type": "aws_launch_template",
      "name": "aws_launch_template_35",
      "provider": "provider[\"registry.terraform.io/hashicorp/aws\"].us-east-2",
      "instances": [
        {
          "schema_version": 0,
          "attributes": {
            "arn": "arn:aws:ec2:us-east-2:366187108546:launch-template/lt-07126e7684abc068a",
            "block_device_mappings": [],
            "capacity_reservation_specification": [],
            "cpu_options": [],
            "credit_specification": [],
            "default_version": 1,
            "description": "",
            "disable_api_termination": false,
            "ebs_optimized": "",
            "elastic_gpu_specifications": [],
            "elastic_inference_accelerator": [],
            "enclave_options": [],
            "hibernation_options": [],
            "iam_instance_profile": [],
            "id": "lt-07126e7684abc068a",
            "image_id": "ami-0c6a6b0e75b2b6ce7",
            "instance_initiated_shutdown_behavior": "",
            "instance_market_options": [],
            "instance_type": "t2.medium",
            "kernel_id": "",
            "key_name": "braibboard",
            "latest_version": 2,
            "license_specification": [],
            "metadata_options": [],
            "monitoring": [],
            "name": "terraform-20220501152542930500000005",
            "name_prefix": "terraform-",
            "network_interfaces": [],
            "placement": [],
            "private_dns_name_options": [],
            "ram_disk_id": "",
            "security_group_names": [],
            "tag_specifications": [],
            "tags": {
              "archUUID": "c3cbd410-a565-4d33-bfd0-4e81e45e61f7",
              "env": "Production"
            },
            "tags_all": {
              "archUUID": "c3cbd410-a565-4d33-bfd0-4e81e45e61f7",
              "env": "Production"
            },
            "update_default_version": null,
            "user_data": "IyEvYmluL2Jhc2gKc3VkbyB5dW0gaW5zdGFsbCBodHRwZCAteQpzdWRvIHN5c3RlbWN0bCBlbmFibGUgaHR0cGQKc3VkbyBzeXN0ZW1jdGwgc3RhcnQgaHR0cGQKc3VkbyBlY2hvICJ0aGlzIGlzIG15IHdlYnNpdGUgMSIgPj4gL3Zhci93d3cvaHRtbC9pbmRleC5odG1s",
            "vpc_security_group_ids": [
              "sg-0e4918e7ac9a12e07"
            ]
          },
          "sensitive_attributes": [],
          "private": "bnVsbA==",
          "dependencies": [
            "aws_security_group.aws_security_group_19"
          ]
        }
      ]
    },
    {
      "mode": "managed",
      "type": "aws_lb",
      "name": "alb_25",
      "provider": "provider[\"registry.terraform.io/hashicorp/aws\"].us-east-2",
      "instances": [
        {
          "schema_version": 0,
          "attributes": {
            "access_logs": [
              {
                "bucket": "",
                "enabled": false,
                "prefix": ""
              }
            ],
            "arn": "arn:aws:elasticloadbalancing:us-east-2:366187108546:loadbalancer/app/tf-lb-2022050115254578900000000c/783acb29ba0ad789",
            "arn_suffix": "app/tf-lb-2022050115254578900000000c/783acb29ba0ad789",
            "customer_owned_ipv4_pool": "",
            "desync_mitigation_mode": "defensive",
            "dns_name": "tf-lb-2022050115254578900000000c-524590873.us-east-2.elb.amazonaws.com",
            "drop_invalid_header_fields": false,
            "enable_cross_zone_load_balancing": null,
            "enable_deletion_protection": false,
            "enable_http2": true,
            "enable_waf_fail_open": false,
            "id": "arn:aws:elasticloadbalancing:us-east-2:366187108546:loadbalancer/app/tf-lb-2022050115254578900000000c/783acb29ba0ad789",
            "idle_timeout": 60,
            "internal": false,
            "ip_address_type": "ipv4",
            "load_balancer_type": "application",
            "name": "tf-lb-2022050115254578900000000c",
            "name_prefix": null,
            "security_groups": [
              "sg-001db4e6d33fb4ae7"
            ],
            "subnet_mapping": [
              {
                "allocation_id": "",
                "ipv6_address": "",
                "outpost_id": "",
                "private_ipv4_address": "",
                "subnet_id": "subnet-5789672a"
              },
              {
                "allocation_id": "",
                "ipv6_address": "",
                "outpost_id": "",
                "private_ipv4_address": "",
                "subnet_id": "subnet-5c9ec810"
              }
            ],
            "subnets": [
              "subnet-5789672a",
              "subnet-5c9ec810"
            ],
            "tags": {
              "archUUID": "c3cbd410-a565-4d33-bfd0-4e81e45e61f7",
              "env": "Production"
            },
            "tags_all": {
              "archUUID": "c3cbd410-a565-4d33-bfd0-4e81e45e61f7",
              "env": "Production"
            },
            "timeouts": null,
            "vpc_id": "vpc-c677fead",
            "zone_id": "Z3AADJGX6KTTL2"
          },
          "sensitive_attributes": [],
          "private": "eyJlMmJmYjczMC1lY2FhLTExZTYtOGY4OC0zNDM2M2JjN2M0YzAiOnsiY3JlYXRlIjo2MDAwMDAwMDAwMDAsImRlbGV0ZSI6NjAwMDAwMDAwMDAwLCJ1cGRhdGUiOjYwMDAwMDAwMDAwMH19",
          "dependencies": [
            "aws_default_subnet.aws_default_subnet_2",
            "aws_default_subnet.aws_default_subnet_3",
            "aws_security_group.aws_security_group_4"
          ]
        }
      ]
    },
    {
      "mode": "managed",
      "type": "aws_lb",
      "name": "alb_30",
      "provider": "provider[\"registry.terraform.io/hashicorp/aws\"].us-east-2",
      "instances": [
        {
          "schema_version": 0,
          "attributes": {
            "access_logs": [
              {
                "bucket": "",
                "enabled": false,
                "prefix": ""
              }
            ],
            "arn": "arn:aws:elasticloadbalancing:us-east-2:366187108546:loadbalancer/app/tf-lb-2022050115254569520000000b/7d706053c701af3a",
            "arn_suffix": "app/tf-lb-2022050115254569520000000b/7d706053c701af3a",
            "customer_owned_ipv4_pool": "",
            "desync_mitigation_mode": "defensive",
            "dns_name": "tf-lb-2022050115254569520000000b-1426265915.us-east-2.elb.amazonaws.com",
            "drop_invalid_header_fields": false,
            "enable_cross_zone_load_balancing": null,
            "enable_deletion_protection": false,
            "enable_http2": true,
            "enable_waf_fail_open": false,
            "id": "arn:aws:elasticloadbalancing:us-east-2:366187108546:loadbalancer/app/tf-lb-2022050115254569520000000b/7d706053c701af3a",
            "idle_timeout": 60,
            "internal": false,
            "ip_address_type": "ipv4",
            "load_balancer_type": "application",
            "name": "tf-lb-2022050115254569520000000b",
            "name_prefix": null,
            "security_groups": [
              "sg-060203cbd3cdfd4b7"
            ],
            "subnet_mapping": [
              {
                "allocation_id": "",
                "ipv6_address": "",
                "outpost_id": "",
                "private_ipv4_address": "",
                "subnet_id": "subnet-5789672a"
              },
              {
                "allocation_id": "",
                "ipv6_address": "",
                "outpost_id": "",
                "private_ipv4_address": "",
                "subnet_id": "subnet-5c9ec810"
              }
            ],
            "subnets": [
              "subnet-5789672a",
              "subnet-5c9ec810"
            ],
            "tags": {
              "archUUID": "c3cbd410-a565-4d33-bfd0-4e81e45e61f7",
              "env": "Production"
            },
            "tags_all": {
              "archUUID": "c3cbd410-a565-4d33-bfd0-4e81e45e61f7",
              "env": "Production"
            },
            "timeouts": null,
            "vpc_id": "vpc-c677fead",
            "zone_id": "Z3AADJGX6KTTL2"
          },
          "sensitive_attributes": [],
          "private": "eyJlMmJmYjczMC1lY2FhLTExZTYtOGY4OC0zNDM2M2JjN2M0YzAiOnsiY3JlYXRlIjo2MDAwMDAwMDAwMDAsImRlbGV0ZSI6NjAwMDAwMDAwMDAwLCJ1cGRhdGUiOjYwMDAwMDAwMDAwMH19",
          "dependencies": [
            "aws_default_subnet.aws_default_subnet_2",
            "aws_default_subnet.aws_default_subnet_3",
            "aws_security_group.aws_security_group_13"
          ]
        }
      ]
    },
    {
      "mode": "managed",
      "type": "aws_lb_listener",
      "name": "aws_lb_listener_26",
      "provider": "provider[\"registry.terraform.io/hashicorp/aws\"].us-east-2",
      "instances": [
        {
          "schema_version": 0,
          "attributes": {
            "alpn_policy": null,
            "arn": "arn:aws:elasticloadbalancing:us-east-2:366187108546:listener/app/tf-lb-2022050115254578900000000c/783acb29ba0ad789/aed16879f9bff1ba",
            "certificate_arn": "arn:aws:acm:us-east-2:366187108546:certificate/d2c0f434-ce30-4932-a59b-993d8d2848df",
            "default_action": [
              {
                "authenticate_cognito": [],
                "authenticate_oidc": [],
                "fixed_response": [],
                "forward": [],
                "order": 1,
                "redirect": [],
                "target_group_arn": "arn:aws:elasticloadbalancing:us-east-2:366187108546:targetgroup/tf-2022050115254637560000000d/08f1cce41781191d",
                "type": "forward"
              }
            ],
            "id": "arn:aws:elasticloadbalancing:us-east-2:366187108546:listener/app/tf-lb-2022050115254578900000000c/783acb29ba0ad789/aed16879f9bff1ba",
            "load_balancer_arn": "arn:aws:elasticloadbalancing:us-east-2:366187108546:loadbalancer/app/tf-lb-2022050115254578900000000c/783acb29ba0ad789",
            "port": 443,
            "protocol": "HTTPS",
            "ssl_policy": "ELBSecurityPolicy-2016-08",
            "tags": {
              "archUUID": "c3cbd410-a565-4d33-bfd0-4e81e45e61f7",
              "env": "Production"
            },
            "tags_all": {
              "archUUID": "c3cbd410-a565-4d33-bfd0-4e81e45e61f7",
              "env": "Production"
            },
            "timeouts": null
          },
          "sensitive_attributes": [],
          "private": "eyJlMmJmYjczMC1lY2FhLTExZTYtOGY4OC0zNDM2M2JjN2M0YzAiOnsicmVhZCI6NjAwMDAwMDAwMDAwfX0=",
          "dependencies": [
            "aws_lb.alb_25",
            "aws_lb_target_group.aws_lb_target_group_27"
          ]
        }
      ]
    },
    {
      "mode": "managed",
      "type": "aws_lb_listener",
      "name": "aws_lb_listener_31",
      "provider": "provider[\"registry.terraform.io/hashicorp/aws\"].us-east-2",
      "instances": [
        {
          "schema_version": 0,
          "attributes": {
            "alpn_policy": null,
            "arn": "arn:aws:elasticloadbalancing:us-east-2:366187108546:listener/app/tf-lb-2022050115254569520000000b/7d706053c701af3a/6024dc9b3db48d53",
            "certificate_arn": null,
            "default_action": [
              {
                "authenticate_cognito": [],
                "authenticate_oidc": [],
                "fixed_response": [],
                "forward": [],
                "order": 1,
                "redirect": [],
                "target_group_arn": "arn:aws:elasticloadbalancing:us-east-2:366187108546:targetgroup/tf-2022050115254639230000000f/5e7b4d1ebc55422c",
                "type": "forward"
              }
            ],
            "id": "arn:aws:elasticloadbalancing:us-east-2:366187108546:listener/app/tf-lb-2022050115254569520000000b/7d706053c701af3a/6024dc9b3db48d53",
            "load_balancer_arn": "arn:aws:elasticloadbalancing:us-east-2:366187108546:loadbalancer/app/tf-lb-2022050115254569520000000b/7d706053c701af3a",
            "port": 80,
            "protocol": "HTTP",
            "ssl_policy": "",
            "tags": {
              "archUUID": "c3cbd410-a565-4d33-bfd0-4e81e45e61f7",
              "env": "Production"
            },
            "tags_all": {
              "archUUID": "c3cbd410-a565-4d33-bfd0-4e81e45e61f7",
              "env": "Production"
            },
            "timeouts": null
          },
          "sensitive_attributes": [],
          "private": "eyJlMmJmYjczMC1lY2FhLTExZTYtOGY4OC0zNDM2M2JjN2M0YzAiOnsicmVhZCI6NjAwMDAwMDAwMDAwfX0=",
          "dependencies": [
            "aws_lb.alb_30",
            "aws_lb_target_group.aws_lb_target_group_37"
          ]
        }
      ]
    },
    {
      "mode": "managed",
      "type": "aws_lb_listener",
      "name": "aws_lb_listener_32",
      "provider": "provider[\"registry.terraform.io/hashicorp/aws\"].us-east-2",
      "instances": [
        {
          "schema_version": 0,
          "attributes": {
            "alpn_policy": null,
            "arn": "arn:aws:elasticloadbalancing:us-east-2:366187108546:listener/app/tf-lb-2022050115254569520000000b/7d706053c701af3a/086d1d02aeb282dc",
            "certificate_arn": "arn:aws:acm:us-east-2:366187108546:certificate/d2c0f434-ce30-4932-a59b-993d8d2848df",
            "default_action": [
              {
                "authenticate_cognito": [],
                "authenticate_oidc": [],
                "fixed_response": [],
                "forward": [],
                "order": 1,
                "redirect": [],
                "target_group_arn": "arn:aws:elasticloadbalancing:us-east-2:366187108546:targetgroup/tf-2022050115254638670000000e/4d019c806cf6322e",
                "type": "forward"
              }
            ],
            "id": "arn:aws:elasticloadbalancing:us-east-2:366187108546:listener/app/tf-lb-2022050115254569520000000b/7d706053c701af3a/086d1d02aeb282dc",
            "load_balancer_arn": "arn:aws:elasticloadbalancing:us-east-2:366187108546:loadbalancer/app/tf-lb-2022050115254569520000000b/7d706053c701af3a",
            "port": 443,
            "protocol": "HTTPS",
            "ssl_policy": "ELBSecurityPolicy-2016-08",
            "tags": {
              "archUUID": "c3cbd410-a565-4d33-bfd0-4e81e45e61f7",
              "env": "Production"
            },
            "tags_all": {
              "archUUID": "c3cbd410-a565-4d33-bfd0-4e81e45e61f7",
              "env": "Production"
            },
            "timeouts": null
          },
          "sensitive_attributes": [],
          "private": "eyJlMmJmYjczMC1lY2FhLTExZTYtOGY4OC0zNDM2M2JjN2M0YzAiOnsicmVhZCI6NjAwMDAwMDAwMDAwfX0=",
          "dependencies": [
            "aws_lb.alb_30",
            "aws_lb_target_group.aws_lb_target_group_36"
          ]
        }
      ]
    },
    {
      "mode": "managed",
      "type": "aws_lb_target_group",
      "name": "aws_lb_target_group_27",
      "provider": "provider[\"registry.terraform.io/hashicorp/aws\"].us-east-2",
      "instances": [
        {
          "schema_version": 0,
          "attributes": {
            "arn": "arn:aws:elasticloadbalancing:us-east-2:366187108546:targetgroup/tf-2022050115254637560000000d/08f1cce41781191d",
            "arn_suffix": "targetgroup/tf-2022050115254637560000000d/08f1cce41781191d",
            "connection_termination": false,
            "deregistration_delay": "300",
            "health_check": [
              {
                "enabled": true,
                "healthy_threshold": 5,
                "interval": 30,
                "matcher": "200",
                "path": "/",
                "port": "traffic-port",
                "protocol": "HTTP",
                "timeout": 5,
                "unhealthy_threshold": 2
              }
            ],
            "id": "arn:aws:elasticloadbalancing:us-east-2:366187108546:targetgroup/tf-2022050115254637560000000d/08f1cce41781191d",
            "lambda_multi_value_headers_enabled": false,
            "load_balancing_algorithm_type": "round_robin",
            "name": "tf-2022050115254637560000000d",
            "name_prefix": null,
            "port": 80,
            "preserve_client_ip": null,
            "protocol": "HTTP",
            "protocol_version": "HTTP1",
            "proxy_protocol_v2": false,
            "slow_start": 0,
            "stickiness": [
              {
                "cookie_duration": 86400,
                "cookie_name": "",
                "enabled": false,
                "type": "lb_cookie"
              }
            ],
            "tags": {
              "archUUID": "c3cbd410-a565-4d33-bfd0-4e81e45e61f7",
              "env": "Production"
            },
            "tags_all": {
              "archUUID": "c3cbd410-a565-4d33-bfd0-4e81e45e61f7",
              "env": "Production"
            },
            "target_type": "instance",
            "vpc_id": "vpc-c677fead"
          },
          "sensitive_attributes": [],
          "private": "bnVsbA==",
          "dependencies": [
            "aws_default_vpc.aws_default_vpc_1"
          ]
        }
      ]
    },
    {
      "mode": "managed",
      "type": "aws_lb_target_group",
      "name": "aws_lb_target_group_36",
      "provider": "provider[\"registry.terraform.io/hashicorp/aws\"].us-east-2",
      "instances": [
        {
          "schema_version": 0,
          "attributes": {
            "arn": "arn:aws:elasticloadbalancing:us-east-2:366187108546:targetgroup/tf-2022050115254638670000000e/4d019c806cf6322e",
            "arn_suffix": "targetgroup/tf-2022050115254638670000000e/4d019c806cf6322e",
            "connection_termination": false,
            "deregistration_delay": "300",
            "health_check": [
              {
                "enabled": true,
                "healthy_threshold": 5,
                "interval": 30,
                "matcher": "200",
                "path": "/",
                "port": "traffic-port",
                "protocol": "HTTP",
                "timeout": 5,
                "unhealthy_threshold": 2
              }
            ],
            "id": "arn:aws:elasticloadbalancing:us-east-2:366187108546:targetgroup/tf-2022050115254638670000000e/4d019c806cf6322e",
            "lambda_multi_value_headers_enabled": false,
            "load_balancing_algorithm_type": "round_robin",
            "name": "tf-2022050115254638670000000e",
            "name_prefix": null,
            "port": 80,
            "preserve_client_ip": null,
            "protocol": "HTTP",
            "protocol_version": "HTTP1",
            "proxy_protocol_v2": false,
            "slow_start": 0,
            "stickiness": [
              {
                "cookie_duration": 86400,
                "cookie_name": "",
                "enabled": false,
                "type": "lb_cookie"
              }
            ],
            "tags": {
              "archUUID": "c3cbd410-a565-4d33-bfd0-4e81e45e61f7",
              "env": "Production"
            },
            "tags_all": {
              "archUUID": "c3cbd410-a565-4d33-bfd0-4e81e45e61f7",
              "env": "Production"
            },
            "target_type": "instance",
            "vpc_id": "vpc-c677fead"
          },
          "sensitive_attributes": [],
          "private": "bnVsbA==",
          "dependencies": [
            "aws_default_vpc.aws_default_vpc_1"
          ]
        }
      ]
    },
    {
      "mode": "managed",
      "type": "aws_lb_target_group",
      "name": "aws_lb_target_group_37",
      "provider": "provider[\"registry.terraform.io/hashicorp/aws\"].us-east-2",
      "instances": [
        {
          "schema_version": 0,
          "attributes": {
            "arn": "arn:aws:elasticloadbalancing:us-east-2:366187108546:targetgroup/tf-2022050115254639230000000f/5e7b4d1ebc55422c",
            "arn_suffix": "targetgroup/tf-2022050115254639230000000f/5e7b4d1ebc55422c",
            "connection_termination": false,
            "deregistration_delay": "300",
            "health_check": [
              {
                "enabled": true,
                "healthy_threshold": 5,
                "interval": 30,
                "matcher": "200",
                "path": "/",
                "port": "traffic-port",
                "protocol": "HTTP",
                "timeout": 5,
                "unhealthy_threshold": 2
              }
            ],
            "id": "arn:aws:elasticloadbalancing:us-east-2:366187108546:targetgroup/tf-2022050115254639230000000f/5e7b4d1ebc55422c",
            "lambda_multi_value_headers_enabled": false,
            "load_balancing_algorithm_type": "round_robin",
            "name": "tf-2022050115254639230000000f",
            "name_prefix": null,
            "port": 80,
            "preserve_client_ip": null,
            "protocol": "HTTP",
            "protocol_version": "HTTP1",
            "proxy_protocol_v2": false,
            "slow_start": 0,
            "stickiness": [
              {
                "cookie_duration": 86400,
                "cookie_name": "",
                "enabled": false,
                "type": "lb_cookie"
              }
            ],
            "tags": {
              "archUUID": "c3cbd410-a565-4d33-bfd0-4e81e45e61f7",
              "env": "Production"
            },
            "tags_all": {
              "archUUID": "c3cbd410-a565-4d33-bfd0-4e81e45e61f7",
              "env": "Production"
            },
            "target_type": "instance",
            "vpc_id": "vpc-c677fead"
          },
          "sensitive_attributes": [],
          "private": "bnVsbA==",
          "dependencies": [
            "aws_default_vpc.aws_default_vpc_1"
          ]
        }
      ]
    },
    {
      "mode": "managed",
      "type": "aws_lb_target_group_attachment",
      "name": "aws_lb_target_group_attachment_28",
      "provider": "provider[\"registry.terraform.io/hashicorp/aws\"].us-east-2",
      "instances": [
        {
          "schema_version": 0,
          "attributes": {
            "availability_zone": null,
            "id": "arn:aws:elasticloadbalancing:us-east-2:366187108546:targetgroup/tf-2022050115254637560000000d/08f1cce41781191d-20220501152558258200000010",
            "port": null,
            "target_group_arn": "arn:aws:elasticloadbalancing:us-east-2:366187108546:targetgroup/tf-2022050115254637560000000d/08f1cce41781191d",
            "target_id": "i-093552bb007d65810"
          },
          "sensitive_attributes": [],
          "private": "bnVsbA==",
          "dependencies": [
            "aws_default_vpc.aws_default_vpc_1",
            "aws_instance.m5_24",
            "aws_lb_target_group.aws_lb_target_group_27",
            "aws_security_group.aws_security_group_8"
          ]
        }
      ]
    },
    {
      "mode": "managed",
      "type": "aws_rds_cluster",
      "name": "aws_rds_cluster_53",
      "provider": "provider[\"registry.terraform.io/hashicorp/aws\"].us-east-2",
      "instances": [
        {
          "schema_version": 0,
          "attributes": {
            "allocated_storage": 1,
            "allow_major_version_upgrade": null,
            "apply_immediately": true,
            "arn": "arn:aws:rds:us-east-2:366187108546:cluster:tf-20220501163725477600000001",
            "availability_zones": [
              "us-east-2a",
              "us-east-2b",
              "us-east-2c"
            ],
            "backtrack_window": 0,
            "backup_retention_period": 1,
            "cluster_identifier": "tf-20220501163725477600000001",
            "cluster_identifier_prefix": null,
            "cluster_members": [
              "aurora-cluster-instance-1"
            ],
            "cluster_resource_id": "cluster-JVGXRBXR56MBV4S7ER5VDOYLIA",
            "copy_tags_to_snapshot": false,
            "database_name": null,
            "db_cluster_instance_class": "",
            "db_cluster_parameter_group_name": "default.aurora-mysql5.7",
            "db_instance_parameter_group_name": null,
            "db_subnet_group_name": "default",
            "deletion_protection": false,
            "enable_global_write_forwarding": false,
            "enable_http_endpoint": false,
            "enabled_cloudwatch_logs_exports": [],
            "endpoint": "tf-20220501163725477600000001.cluster-c59nbow4h2xl.us-east-2.rds.amazonaws.com",
            "engine": "aurora-mysql",
            "engine_mode": "provisioned",
            "engine_version": "5.7.mysql_aurora.2.10.2",
            "engine_version_actual": "5.7.mysql_aurora.2.10.2",
            "final_snapshot_identifier": null,
            "global_cluster_identifier": "",
            "hosted_zone_id": "Z2XHWR1WZ565X2",
            "iam_database_authentication_enabled": false,
            "iam_roles": [],
            "id": "tf-20220501163725477600000001",
            "iops": 0,
            "kms_key_id": "",
            "master_password": "thisissecretmasterpassword",
            "master_username": "masteruser",
            "port": 3306,
            "preferred_backup_window": "07:36-08:06",
            "preferred_maintenance_window": "mon:08:12-mon:08:42",
            "reader_endpoint": "tf-20220501163725477600000001.cluster-ro-c59nbow4h2xl.us-east-2.rds.amazonaws.com",
            "replication_source_identifier": "",
            "restore_to_point_in_time": [],
            "s3_import": [],
            "scaling_configuration": [],
            "skip_final_snapshot": true,
            "snapshot_identifier": null,
            "source_region": null,
            "storage_encrypted": false,
            "storage_type": "",
            "tags": {
              "archUUID": "c3cbd410-a565-4d33-bfd0-4e81e45e61f7",
              "env": "Production"
            },
            "tags_all": {
              "archUUID": "c3cbd410-a565-4d33-bfd0-4e81e45e61f7",
              "env": "Production"
            },
            "timeouts": null,
            "vpc_security_group_ids": [
              "sg-0b7295be0ad0db6ad"
            ]
          },
          "sensitive_attributes": [],
          "private": "eyJlMmJmYjczMC1lY2FhLTExZTYtOGY4OC0zNDM2M2JjN2M0YzAiOnsiY3JlYXRlIjo3MjAwMDAwMDAwMDAwLCJkZWxldGUiOjcyMDAwMDAwMDAwMDAsInVwZGF0ZSI6NzIwMDAwMDAwMDAwMH19",
          "dependencies": [
            "aws_security_group.aws_security_group_11"
          ]
        }
      ]
    },
    {
      "mode": "managed",
      "type": "aws_rds_cluster_instance",
      "name": "aws_rds_cluster_instance_54",
      "provider": "provider[\"registry.terraform.io/hashicorp/aws\"].us-east-2",
      "instances": [
        {
          "schema_version": 0,
          "attributes": {
            "apply_immediately": true,
            "arn": "arn:aws:rds:us-east-2:366187108546:db:aurora-cluster-instance-1",
            "auto_minor_version_upgrade": true,
            "availability_zone": "us-east-2c",
            "ca_cert_identifier": "rds-ca-2019",
            "cluster_identifier": "tf-20220501163725477600000001",
            "copy_tags_to_snapshot": false,
            "db_parameter_group_name": "default.aurora-mysql5.7",
            "db_subnet_group_name": "default",
            "dbi_resource_id": "db-DFEYSF2FDIMMTJEBTNNHZSDFAE",
            "endpoint": "aurora-cluster-instance-1.c59nbow4h2xl.us-east-2.rds.amazonaws.com",
            "engine": "aurora-mysql",
            "engine_version": "5.7.mysql_aurora.2.10.2",
            "engine_version_actual": "5.7.mysql_aurora.2.10.2",
            "id": "aurora-cluster-instance-1",
            "identifier": "aurora-cluster-instance-1",
            "identifier_prefix": null,
            "instance_class": "db.t3.small",
            "kms_key_id": "",
            "monitoring_interval": 0,
            "monitoring_role_arn": "",
            "performance_insights_enabled": false,
            "performance_insights_kms_key_id": "",
            "performance_insights_retention_period": 0,
            "port": 3306,
            "preferred_backup_window": "07:36-08:06",
            "preferred_maintenance_window": "sat:08:34-sat:09:04",
            "promotion_tier": 0,
            "publicly_accessible": true,
            "storage_encrypted": false,
            "tags": {
              "archUUID": "c3cbd410-a565-4d33-bfd0-4e81e45e61f7",
              "env": "Production"
            },
            "tags_all": {
              "archUUID": "c3cbd410-a565-4d33-bfd0-4e81e45e61f7",
              "env": "Production"
            },
            "timeouts": null,
            "writer": true
          },
          "sensitive_attributes": [],
          "private": "eyJlMmJmYjczMC1lY2FhLTExZTYtOGY4OC0zNDM2M2JjN2M0YzAiOnsiY3JlYXRlIjo1NDAwMDAwMDAwMDAwLCJkZWxldGUiOjU0MDAwMDAwMDAwMDAsInVwZGF0ZSI6NTQwMDAwMDAwMDAwMH19",
          "dependencies": [
            "aws_rds_cluster.aws_rds_cluster_53",
            "aws_security_group.aws_security_group_11"
          ]
        }
      ]
    },
    {
      "mode": "managed",
      "type": "aws_rds_cluster_instance",
      "name": "aws_rds_cluster_instance_55",
      "provider": "provider[\"registry.terraform.io/hashicorp/aws\"].us-east-2",
      "instances": [
        {
          "schema_version": 0,
          "attributes": {
            "apply_immediately": true,
            "arn": "arn:aws:rds:us-east-2:366187108546:db:tf-20220501165157803100000001",
            "auto_minor_version_upgrade": true,
            "availability_zone": "us-east-2b",
            "ca_cert_identifier": "rds-ca-2019",
            "cluster_identifier": "tf-20220501163725477600000001",
            "copy_tags_to_snapshot": false,
            "db_parameter_group_name": "default.aurora-mysql5.7",
            "db_subnet_group_name": "default",
            "dbi_resource_id": "db-NQ7I4ILQSBUQYP2YNUI3NTEYIE",
            "endpoint": "tf-20220501165157803100000001.c59nbow4h2xl.us-east-2.rds.amazonaws.com",
            "engine": "aurora-mysql",
            "engine_version": "5.7.mysql_aurora.2.10.2",
            "engine_version_actual": "5.7.mysql_aurora.2.10.2",
            "id": "tf-20220501165157803100000001",
            "identifier": "tf-20220501165157803100000001",
            "identifier_prefix": null,
            "instance_class": "db.t3.small",
            "kms_key_id": "",
            "monitoring_interval": 0,
            "monitoring_role_arn": "",
            "performance_insights_enabled": false,
            "performance_insights_kms_key_id": "",
            "performance_insights_retention_period": 0,
            "port": 3306,
            "preferred_backup_window": "07:36-08:06",
            "preferred_maintenance_window": "thu:10:19-thu:10:49",
            "promotion_tier": 1,
            "publicly_accessible": true,
            "storage_encrypted": false,
            "tags": {
              "archUUID": "c3cbd410-a565-4d33-bfd0-4e81e45e61f7",
              "env": "Production"
            },
            "tags_all": {
              "archUUID": "c3cbd410-a565-4d33-bfd0-4e81e45e61f7",
              "env": "Production"
            },
            "timeouts": null,
            "writer": false
          },
          "sensitive_attributes": [],
          "private": "eyJlMmJmYjczMC1lY2FhLTExZTYtOGY4OC0zNDM2M2JjN2M0YzAiOnsiY3JlYXRlIjo1NDAwMDAwMDAwMDAwLCJkZWxldGUiOjU0MDAwMDAwMDAwMDAsInVwZGF0ZSI6NTQwMDAwMDAwMDAwMH19",
          "dependencies": [
            "aws_rds_cluster.aws_rds_cluster_53"
          ]
        }
      ]
    },
    {
      "mode": "managed",
      "type": "aws_route53_record",
      "name": "aws_route53_record_29",
      "provider": "provider[\"registry.terraform.io/hashicorp/aws\"].us-east-2",
      "instances": [
        {
          "schema_version": 2,
          "attributes": {
            "alias": [
              {
                "evaluate_target_health": true,
                "name": "tf-lb-2022050115254578900000000c-524590873.us-east-2.elb.amazonaws.com",
                "zone_id": "Z3AADJGX6KTTL2"
              }
            ],
            "allow_overwrite": null,
            "failover_routing_policy": [],
            "fqdn": "arch2gui.eysanemeh.me",
            "geolocation_routing_policy": [],
            "health_check_id": "",
            "id": "Z0993102EDIT1RM1B14I_arch2gui_A",
            "latency_routing_policy": [],
            "multivalue_answer_routing_policy": null,
            "name": "arch2gui",
            "records": [],
            "set_identifier": "",
            "ttl": 0,
            "type": "A",
            "weighted_routing_policy": [],
            "zone_id": "Z0993102EDIT1RM1B14I"
          },
          "sensitive_attributes": [],
          "private": "eyJzY2hlbWFfdmVyc2lvbiI6IjIifQ==",
          "dependencies": [
            "aws_default_subnet.aws_default_subnet_2",
            "aws_default_subnet.aws_default_subnet_3",
            "aws_lb.alb_25",
            "aws_security_group.aws_security_group_4"
          ]
        }
      ]
    },
    {
      "mode": "managed",
      "type": "aws_route53_record",
      "name": "aws_route53_record_33",
      "provider": "provider[\"registry.terraform.io/hashicorp/aws\"].us-east-2",
      "instances": [
        {
          "schema_version": 2,
          "attributes": {
            "alias": [
              {
                "evaluate_target_health": true,
                "name": "tf-lb-2022050115254569520000000b-1426265915.us-east-2.elb.amazonaws.com",
                "zone_id": "Z3AADJGX6KTTL2"
              }
            ],
            "allow_overwrite": null,
            "failover_routing_policy": [],
            "fqdn": "arch2.eysanemeh.me",
            "geolocation_routing_policy": [],
            "health_check_id": "",
            "id": "Z0993102EDIT1RM1B14I_arch2_A",
            "latency_routing_policy": [],
            "multivalue_answer_routing_policy": null,
            "name": "arch2",
            "records": [],
            "set_identifier": "",
            "ttl": 0,
            "type": "A",
            "weighted_routing_policy": [],
            "zone_id": "Z0993102EDIT1RM1B14I"
          },
          "sensitive_attributes": [],
          "private": "eyJzY2hlbWFfdmVyc2lvbiI6IjIifQ==",
          "dependencies": [
            "aws_default_subnet.aws_default_subnet_2",
            "aws_default_subnet.aws_default_subnet_3",
            "aws_lb.alb_30",
            "aws_security_group.aws_security_group_13"
          ]
        }
      ]
    },
    {
      "mode": "managed",
      "type": "aws_security_group",
      "name": "aws_security_group_11",
      "provider": "provider[\"registry.terraform.io/hashicorp/aws\"].us-east-2",
      "instances": [
        {
          "schema_version": 1,
          "attributes": {
            "arn": "arn:aws:ec2:us-east-2:366187108546:security-group/sg-0b7295be0ad0db6ad",
            "description": "Managed by Terraform",
            "egress": [
              {
                "cidr_blocks": [
                  "0.0.0.0/0"
                ],
                "description": "",
                "from_port": 0,
                "ipv6_cidr_blocks": [],
                "prefix_list_ids": [],
                "protocol": "-1",
                "security_groups": [],
                "self": false,
                "to_port": 0
              }
            ],
            "id": "sg-0b7295be0ad0db6ad",
            "ingress": [
              {
                "cidr_blocks": [],
                "description": "",
                "from_port": 3306,
                "ipv6_cidr_blocks": [],
                "prefix_list_ids": [],
                "protocol": "tcp",
                "security_groups": [
                  "sg-0e4918e7ac9a12e07"
                ],
                "self": false,
                "to_port": 3306
              }
            ],
            "name": "terraform-20220501152542929700000003",
            "name_prefix": "terraform-",
            "owner_id": "366187108546",
            "revoke_rules_on_delete": false,
            "tags": {
              "archUUID": "c3cbd410-a565-4d33-bfd0-4e81e45e61f7",
              "env": "Production"
            },
            "tags_all": {
              "archUUID": "c3cbd410-a565-4d33-bfd0-4e81e45e61f7",
              "env": "Production"
            },
            "timeouts": null,
            "vpc_id": "vpc-c677fead"
          },
          "sensitive_attributes": [],
          "private": "eyJlMmJmYjczMC1lY2FhLTExZTYtOGY4OC0zNDM2M2JjN2M0YzAiOnsiY3JlYXRlIjo2MDAwMDAwMDAwMDAsImRlbGV0ZSI6OTAwMDAwMDAwMDAwfSwic2NoZW1hX3ZlcnNpb24iOiIxIn0="
        }
      ]
    },
    {
      "mode": "managed",
      "type": "aws_security_group",
      "name": "aws_security_group_13",
      "provider": "provider[\"registry.terraform.io/hashicorp/aws\"].us-east-2",
      "instances": [
        {
          "schema_version": 1,
          "attributes": {
            "arn": "arn:aws:ec2:us-east-2:366187108546:security-group/sg-060203cbd3cdfd4b7",
            "description": "Managed by Terraform",
            "egress": [
              {
                "cidr_blocks": [
                  "0.0.0.0/0"
                ],
                "description": "",
                "from_port": 0,
                "ipv6_cidr_blocks": [],
                "prefix_list_ids": [],
                "protocol": "-1",
                "security_groups": [],
                "self": false,
                "to_port": 0
              }
            ],
            "id": "sg-060203cbd3cdfd4b7",
            "ingress": [
              {
                "cidr_blocks": [
                  "0.0.0.0/0"
                ],
                "description": "",
                "from_port": 443,
                "ipv6_cidr_blocks": [],
                "prefix_list_ids": [],
                "protocol": "tcp",
                "security_groups": [],
                "self": false,
                "to_port": 443
              },
              {
                "cidr_blocks": [
                  "0.0.0.0/0"
                ],
                "description": "",
                "from_port": 80,
                "ipv6_cidr_blocks": [],
                "prefix_list_ids": [],
                "protocol": "tcp",
                "security_groups": [],
                "self": false,
                "to_port": 80
              }
            ],
            "name": "terraform-20220501152542932400000007",
            "name_prefix": "terraform-",
            "owner_id": "366187108546",
            "revoke_rules_on_delete": false,
            "tags": {
              "archUUID": "c3cbd410-a565-4d33-bfd0-4e81e45e61f7",
              "env": "Production"
            },
            "tags_all": {
              "archUUID": "c3cbd410-a565-4d33-bfd0-4e81e45e61f7",
              "env": "Production"
            },
            "timeouts": null,
            "vpc_id": "vpc-c677fead"
          },
          "sensitive_attributes": [],
          "private": "eyJlMmJmYjczMC1lY2FhLTExZTYtOGY4OC0zNDM2M2JjN2M0YzAiOnsiY3JlYXRlIjo2MDAwMDAwMDAwMDAsImRlbGV0ZSI6OTAwMDAwMDAwMDAwfSwic2NoZW1hX3ZlcnNpb24iOiIxIn0="
        }
      ]
    },
    {
      "mode": "managed",
      "type": "aws_security_group",
      "name": "aws_security_group_19",
      "provider": "provider[\"registry.terraform.io/hashicorp/aws\"].us-east-2",
      "instances": [
        {
          "schema_version": 1,
          "attributes": {
            "arn": "arn:aws:ec2:us-east-2:366187108546:security-group/sg-0e4918e7ac9a12e07",
            "description": "Managed by Terraform",
            "egress": [
              {
                "cidr_blocks": [
                  "0.0.0.0/0"
                ],
                "description": "",
                "from_port": 0,
                "ipv6_cidr_blocks": [],
                "prefix_list_ids": [],
                "protocol": "-1",
                "security_groups": [],
                "self": false,
                "to_port": 0
              }
            ],
            "id": "sg-0e4918e7ac9a12e07",
            "ingress": [
              {
                "cidr_blocks": [],
                "description": "",
                "from_port": 80,
                "ipv6_cidr_blocks": [],
                "prefix_list_ids": [],
                "protocol": "tcp",
                "security_groups": [
                  "sg-060203cbd3cdfd4b7"
                ],
                "self": false,
                "to_port": 80
              }
            ],
            "name": "terraform-20220501152542919500000002",
            "name_prefix": "terraform-",
            "owner_id": "366187108546",
            "revoke_rules_on_delete": false,
            "tags": {
              "archUUID": "c3cbd410-a565-4d33-bfd0-4e81e45e61f7",
              "env": "Production"
            },
            "tags_all": {
              "archUUID": "c3cbd410-a565-4d33-bfd0-4e81e45e61f7",
              "env": "Production"
            },
            "timeouts": null,
            "vpc_id": "vpc-c677fead"
          },
          "sensitive_attributes": [],
          "private": "eyJlMmJmYjczMC1lY2FhLTExZTYtOGY4OC0zNDM2M2JjN2M0YzAiOnsiY3JlYXRlIjo2MDAwMDAwMDAwMDAsImRlbGV0ZSI6OTAwMDAwMDAwMDAwfSwic2NoZW1hX3ZlcnNpb24iOiIxIn0="
        }
      ]
    },
    {
      "mode": "managed",
      "type": "aws_security_group",
      "name": "aws_security_group_4",
      "provider": "provider[\"registry.terraform.io/hashicorp/aws\"].us-east-2",
      "instances": [
        {
          "schema_version": 1,
          "attributes": {
            "arn": "arn:aws:ec2:us-east-2:366187108546:security-group/sg-001db4e6d33fb4ae7",
            "description": "Managed by Terraform",
            "egress": [
              {
                "cidr_blocks": [
                  "0.0.0.0/0"
                ],
                "description": "",
                "from_port": 0,
                "ipv6_cidr_blocks": [],
                "prefix_list_ids": [],
                "protocol": "-1",
                "security_groups": [],
                "self": false,
                "to_port": 0
              }
            ],
            "id": "sg-001db4e6d33fb4ae7",
            "ingress": [
              {
                "cidr_blocks": [
                  "0.0.0.0/0"
                ],
                "description": "",
                "from_port": 443,
                "ipv6_cidr_blocks": [],
                "prefix_list_ids": [],
                "protocol": "tcp",
                "security_groups": [],
                "self": false,
                "to_port": 443
              },
              {
                "cidr_blocks": [
                  "0.0.0.0/0"
                ],
                "description": "",
                "from_port": 80,
                "ipv6_cidr_blocks": [],
                "prefix_list_ids": [],
                "protocol": "tcp",
                "security_groups": [],
                "self": false,
                "to_port": 80
              }
            ],
            "name": "terraform-20220501152542917200000001",
            "name_prefix": "terraform-",
            "owner_id": "366187108546",
            "revoke_rules_on_delete": false,
            "tags": {
              "archUUID": "c3cbd410-a565-4d33-bfd0-4e81e45e61f7",
              "env": "Production"
            },
            "tags_all": {
              "archUUID": "c3cbd410-a565-4d33-bfd0-4e81e45e61f7",
              "env": "Production"
            },
            "timeouts": null,
            "vpc_id": "vpc-c677fead"
          },
          "sensitive_attributes": [],
          "private": "eyJlMmJmYjczMC1lY2FhLTExZTYtOGY4OC0zNDM2M2JjN2M0YzAiOnsiY3JlYXRlIjo2MDAwMDAwMDAwMDAsImRlbGV0ZSI6OTAwMDAwMDAwMDAwfSwic2NoZW1hX3ZlcnNpb24iOiIxIn0="
        }
      ]
    },
    {
      "mode": "managed",
      "type": "aws_security_group",
      "name": "aws_security_group_8",
      "provider": "provider[\"registry.terraform.io/hashicorp/aws\"].us-east-2",
      "instances": [
        {
          "schema_version": 1,
          "attributes": {
            "arn": "arn:aws:ec2:us-east-2:366187108546:security-group/sg-09252c863360995a9",
            "description": "Managed by Terraform",
            "egress": [
              {
                "cidr_blocks": [
                  "0.0.0.0/0"
                ],
                "description": "",
                "from_port": 0,
                "ipv6_cidr_blocks": [],
                "prefix_list_ids": [],
                "protocol": "-1",
                "security_groups": [],
                "self": false,
                "to_port": 0
              }
            ],
            "id": "sg-09252c863360995a9",
            "ingress": [
              {
                "cidr_blocks": [],
                "description": "",
                "from_port": 80,
                "ipv6_cidr_blocks": [],
                "prefix_list_ids": [],
                "protocol": "tcp",
                "security_groups": [
                  "sg-001db4e6d33fb4ae7"
                ],
                "self": false,
                "to_port": 80
              }
            ],
            "name": "terraform-20220501152542929900000004",
            "name_prefix": "terraform-",
            "owner_id": "366187108546",
            "revoke_rules_on_delete": false,
            "tags": {
              "archUUID": "c3cbd410-a565-4d33-bfd0-4e81e45e61f7",
              "env": "Production"
            },
            "tags_all": {
              "archUUID": "c3cbd410-a565-4d33-bfd0-4e81e45e61f7",
              "env": "Production"
            },
            "timeouts": null,
            "vpc_id": "vpc-c677fead"
          },
          "sensitive_attributes": [],
          "private": "eyJlMmJmYjczMC1lY2FhLTExZTYtOGY4OC0zNDM2M2JjN2M0YzAiOnsiY3JlYXRlIjo2MDAwMDAwMDAwMDAsImRlbGV0ZSI6OTAwMDAwMDAwMDAwfSwic2NoZW1hX3ZlcnNpb24iOiIxIn0="
        }
      ]
    },
    {
      "mode": "managed",
      "type": "aws_security_group_rule",
      "name": "aws_security_group_rule_10",
      "provider": "provider[\"registry.terraform.io/hashicorp/aws\"].us-east-2",
      "instances": [
        {
          "schema_version": 2,
          "attributes": {
            "cidr_blocks": [
              "0.0.0.0/0"
            ],
            "description": "",
            "from_port": 0,
            "id": "sgrule-1594201581",
            "ipv6_cidr_blocks": [],
            "prefix_list_ids": [],
            "protocol": "-1",
            "security_group_id": "sg-09252c863360995a9",
            "self": false,
            "source_security_group_id": null,
            "to_port": 0,
            "type": "egress"
          },
          "sensitive_attributes": [],
          "private": "eyJzY2hlbWFfdmVyc2lvbiI6IjIifQ==",
          "dependencies": [
            "aws_security_group.aws_security_group_8"
          ]
        }
      ]
    },
    {
      "mode": "managed",
      "type": "aws_security_group_rule",
      "name": "aws_security_group_rule_12",
      "provider": "provider[\"registry.terraform.io/hashicorp/aws\"].us-east-2",
      "instances": [
        {
          "schema_version": 2,
          "attributes": {
            "cidr_blocks": [],
            "description": "",
            "from_port": 3306,
            "id": "sgrule-96055983",
            "ipv6_cidr_blocks": [],
            "prefix_list_ids": [],
            "protocol": "tcp",
            "security_group_id": "sg-0b7295be0ad0db6ad",
            "self": false,
            "source_security_group_id": "sg-0e4918e7ac9a12e07",
            "to_port": 3306,
            "type": "ingress"
          },
          "sensitive_attributes": [],
          "private": "eyJzY2hlbWFfdmVyc2lvbiI6IjIifQ==",
          "dependencies": [
            "aws_security_group.aws_security_group_11",
            "aws_security_group.aws_security_group_19"
          ]
        }
      ]
    },
    {
      "mode": "managed",
      "type": "aws_security_group_rule",
      "name": "aws_security_group_rule_14",
      "provider": "provider[\"registry.terraform.io/hashicorp/aws\"].us-east-2",
      "instances": [
        {
          "schema_version": 2,
          "attributes": {
            "cidr_blocks": [
              "0.0.0.0/0"
            ],
            "description": "",
            "from_port": 80,
            "id": "sgrule-2913850196",
            "ipv6_cidr_blocks": [],
            "prefix_list_ids": [],
            "protocol": "tcp",
            "security_group_id": "sg-060203cbd3cdfd4b7",
            "self": false,
            "source_security_group_id": null,
            "to_port": 80,
            "type": "ingress"
          },
          "sensitive_attributes": [],
          "private": "eyJzY2hlbWFfdmVyc2lvbiI6IjIifQ==",
          "dependencies": [
            "aws_security_group.aws_security_group_13"
          ]
        }
      ]
    },
    {
      "mode": "managed",
      "type": "aws_security_group_rule",
      "name": "aws_security_group_rule_15",
      "provider": "provider[\"registry.terraform.io/hashicorp/aws\"].us-east-2",
      "instances": [
        {
          "schema_version": 2,
          "attributes": {
            "cidr_blocks": [
              "0.0.0.0/0"
            ],
            "description": "",
            "from_port": 443,
            "id": "sgrule-1731122273",
            "ipv6_cidr_blocks": [],
            "prefix_list_ids": [],
            "protocol": "tcp",
            "security_group_id": "sg-060203cbd3cdfd4b7",
            "self": false,
            "source_security_group_id": null,
            "to_port": 443,
            "type": "ingress"
          },
          "sensitive_attributes": [],
          "private": "eyJzY2hlbWFfdmVyc2lvbiI6IjIifQ==",
          "dependencies": [
            "aws_security_group.aws_security_group_13"
          ]
        }
      ]
    },
    {
      "mode": "managed",
      "type": "aws_security_group_rule",
      "name": "aws_security_group_rule_16",
      "provider": "provider[\"registry.terraform.io/hashicorp/aws\"].us-east-2",
      "instances": [
        {
          "schema_version": 2,
          "attributes": {
            "cidr_blocks": [
              "0.0.0.0/0"
            ],
            "description": "",
            "from_port": 0,
            "id": "sgrule-3813402425",
            "ipv6_cidr_blocks": [],
            "prefix_list_ids": [],
            "protocol": "-1",
            "security_group_id": "sg-060203cbd3cdfd4b7",
            "self": false,
            "source_security_group_id": null,
            "to_port": 0,
            "type": "egress"
          },
          "sensitive_attributes": [],
          "private": "eyJzY2hlbWFfdmVyc2lvbiI6IjIifQ==",
          "dependencies": [
            "aws_security_group.aws_security_group_13"
          ]
        }
      ]
    },
    {
      "mode": "managed",
      "type": "aws_security_group_rule",
      "name": "aws_security_group_rule_20",
      "provider": "provider[\"registry.terraform.io/hashicorp/aws\"].us-east-2",
      "instances": [
        {
          "schema_version": 2,
          "attributes": {
            "cidr_blocks": [
              "0.0.0.0/0"
            ],
            "description": "",
            "from_port": 0,
            "id": "sgrule-3917369357",
            "ipv6_cidr_blocks": [],
            "prefix_list_ids": [],
            "protocol": "-1",
            "security_group_id": "sg-0b7295be0ad0db6ad",
            "self": false,
            "source_security_group_id": null,
            "to_port": 0,
            "type": "egress"
          },
          "sensitive_attributes": [],
          "private": "eyJzY2hlbWFfdmVyc2lvbiI6IjIifQ==",
          "dependencies": [
            "aws_security_group.aws_security_group_11"
          ]
        }
      ]
    },
    {
      "mode": "managed",
      "type": "aws_security_group_rule",
      "name": "aws_security_group_rule_21",
      "provider": "provider[\"registry.terraform.io/hashicorp/aws\"].us-east-2",
      "instances": [
        {
          "schema_version": 2,
          "attributes": {
            "cidr_blocks": [],
            "description": "",
            "from_port": 80,
            "id": "sgrule-753898523",
            "ipv6_cidr_blocks": [],
            "prefix_list_ids": [],
            "protocol": "tcp",
            "security_group_id": "sg-0e4918e7ac9a12e07",
            "self": false,
            "source_security_group_id": "sg-060203cbd3cdfd4b7",
            "to_port": 80,
            "type": "ingress"
          },
          "sensitive_attributes": [],
          "private": "eyJzY2hlbWFfdmVyc2lvbiI6IjIifQ==",
          "dependencies": [
            "aws_security_group.aws_security_group_13",
            "aws_security_group.aws_security_group_19"
          ]
        }
      ]
    },
    {
      "mode": "managed",
      "type": "aws_security_group_rule",
      "name": "aws_security_group_rule_22",
      "provider": "provider[\"registry.terraform.io/hashicorp/aws\"].us-east-2",
      "instances": [
        {
          "schema_version": 2,
          "attributes": {
            "cidr_blocks": [
              "0.0.0.0/0"
            ],
            "description": "",
            "from_port": 0,
            "id": "sgrule-987016338",
            "ipv6_cidr_blocks": [],
            "prefix_list_ids": [],
            "protocol": "-1",
            "security_group_id": "sg-0e4918e7ac9a12e07",
            "self": false,
            "source_security_group_id": null,
            "to_port": 0,
            "type": "egress"
          },
          "sensitive_attributes": [],
          "private": "eyJzY2hlbWFfdmVyc2lvbiI6IjIifQ==",
          "dependencies": [
            "aws_security_group.aws_security_group_19"
          ]
        }
      ]
    },
    {
      "mode": "managed",
      "type": "aws_security_group_rule",
      "name": "aws_security_group_rule_5",
      "provider": "provider[\"registry.terraform.io/hashicorp/aws\"].us-east-2",
      "instances": [
        {
          "schema_version": 2,
          "attributes": {
            "cidr_blocks": [
              "0.0.0.0/0"
            ],
            "description": "",
            "from_port": 80,
            "id": "sgrule-1753286043",
            "ipv6_cidr_blocks": [],
            "prefix_list_ids": [],
            "protocol": "tcp",
            "security_group_id": "sg-001db4e6d33fb4ae7",
            "self": false,
            "source_security_group_id": null,
            "to_port": 80,
            "type": "ingress"
          },
          "sensitive_attributes": [],
          "private": "eyJzY2hlbWFfdmVyc2lvbiI6IjIifQ==",
          "dependencies": [
            "aws_security_group.aws_security_group_4"
          ]
        }
      ]
    },
    {
      "mode": "managed",
      "type": "aws_security_group_rule",
      "name": "aws_security_group_rule_6",
      "provider": "provider[\"registry.terraform.io/hashicorp/aws\"].us-east-2",
      "instances": [
        {
          "schema_version": 2,
          "attributes": {
            "cidr_blocks": [
              "0.0.0.0/0"
            ],
            "description": "",
            "from_port": 443,
            "id": "sgrule-1157410093",
            "ipv6_cidr_blocks": [],
            "prefix_list_ids": [],
            "protocol": "tcp",
            "security_group_id": "sg-001db4e6d33fb4ae7",
            "self": false,
            "source_security_group_id": null,
            "to_port": 443,
            "type": "ingress"
          },
          "sensitive_attributes": [],
          "private": "eyJzY2hlbWFfdmVyc2lvbiI6IjIifQ==",
          "dependencies": [
            "aws_security_group.aws_security_group_4"
          ]
        }
      ]
    },
    {
      "mode": "managed",
      "type": "aws_security_group_rule",
      "name": "aws_security_group_rule_7",
      "provider": "provider[\"registry.terraform.io/hashicorp/aws\"].us-east-2",
      "instances": [
        {
          "schema_version": 2,
          "attributes": {
            "cidr_blocks": [
              "0.0.0.0/0"
            ],
            "description": "",
            "from_port": 0,
            "id": "sgrule-3925222927",
            "ipv6_cidr_blocks": [],
            "prefix_list_ids": [],
            "protocol": "-1",
            "security_group_id": "sg-001db4e6d33fb4ae7",
            "self": false,
            "source_security_group_id": null,
            "to_port": 0,
            "type": "egress"
          },
          "sensitive_attributes": [],
          "private": "eyJzY2hlbWFfdmVyc2lvbiI6IjIifQ==",
          "dependencies": [
            "aws_security_group.aws_security_group_4"
          ]
        }
      ]
    },
    {
      "mode": "managed",
      "type": "aws_security_group_rule",
      "name": "aws_security_group_rule_9",
      "provider": "provider[\"registry.terraform.io/hashicorp/aws\"].us-east-2",
      "instances": [
        {
          "schema_version": 2,
          "attributes": {
            "cidr_blocks": [],
            "description": "",
            "from_port": 80,
            "id": "sgrule-1302408509",
            "ipv6_cidr_blocks": [],
            "prefix_list_ids": [],
            "protocol": "tcp",
            "security_group_id": "sg-09252c863360995a9",
            "self": false,
            "source_security_group_id": "sg-001db4e6d33fb4ae7",
            "to_port": 80,
            "type": "ingress"
          },
          "sensitive_attributes": [],
          "private": "eyJzY2hlbWFfdmVyc2lvbiI6IjIifQ==",
          "dependencies": [
            "aws_security_group.aws_security_group_4",
            "aws_security_group.aws_security_group_8"
          ]
        }
      ]
    }
  ]
}
